
Microsoft Visual Studio Solution File, Format Version 12.00
# Visual Studio 15
VisualStudioVersion = 15.0.28307.329
MinimumVisualStudioVersion = 10.0.40219.1
Project("{2150E333-8FDC-42A3-9474-1A3956D46DE8}") = "CH01", "CH01", "{1A0B269C-715E-4FD2-AF9A-59B321D341DA}"
EndProject
Project("{2150E333-8FDC-42A3-9474-1A3956D46DE8}") = "Ch02", "Ch02", "{9D1B05D3-5206-4172-912C-AAAA9423DEEA}"
EndProject
Project("{2150E333-8FDC-42A3-9474-1A3956D46DE8}") = "CH03", "CH03", "{D35ACC23-A107-451C-ABBA-EE36D2E1DBB7}"
EndProject
Project("{2150E333-8FDC-42A3-9474-1A3956D46DE8}") = "CH04", "CH04", "{2325152B-F8B4-4E14-BB34-BCB42BAE139D}"
EndProject
Project("{2150E333-8FDC-42A3-9474-1A3956D46DE8}") = "CH06", "CH06", "{FE7821E7-9C3A-4553-9BAC-81197B88600F}"
EndProject
Project("{2150E333-8FDC-42A3-9474-1A3956D46DE8}") = "CH05", "CH05", "{8606500B-6728-465A-A6D0-A810D4200572}"
EndProject
Project("{2150E333-8FDC-42A3-9474-1A3956D46DE8}") = "CH07", "CH07", "{0AE2623E-D086-4184-8938-C5EFED1EF0F3}"
EndProject
Project("{2150E333-8FDC-42A3-9474-1A3956D46DE8}") = "CH08", "CH08", "{A51A15E9-5166-4E7B-A138-ECA77F7F1FBC}"
EndProject
Project("{2150E333-8FDC-42A3-9474-1A3956D46DE8}") = "CH09", "CH09", "{E9E779CA-A6C2-441A-89EC-260A48871953}"
EndProject
Project("{2150E333-8FDC-42A3-9474-1A3956D46DE8}") = "CH10", "CH10", "{B6345CD9-6C4F-42EB-8223-0852ADC3962D}"
EndProject
Project("{2150E333-8FDC-42A3-9474-1A3956D46DE8}") = "CH11", "CH11", "{7005A16D-13BA-4DE4-ABC0-3FF169B21FAB}"
EndProject
Project("{2150E333-8FDC-42A3-9474-1A3956D46DE8}") = "CH12", "CH12", "{B8ED2806-1A0D-45F4-8CF5-CC223AEAD271}"
EndProject
Project("{2150E333-8FDC-42A3-9474-1A3956D46DE8}") = "CH13", "CH13", "{ADDC21B6-B9B3-4841-9903-E7AA884AEDDB}"
EndProject
Project("{2150E333-8FDC-42A3-9474-1A3956D46DE8}") = "Ch14", "Ch14", "{A5E1E7AF-3169-4303-8889-3422449E16DD}"
EndProject
Project("{2150E333-8FDC-42A3-9474-1A3956D46DE8}") = "Ch15", "Ch15", "{F63A252F-9108-40D2-BB25-7FACE3D8EAD7}"
EndProject
Project("{2150E333-8FDC-42A3-9474-1A3956D46DE8}") = "CH16", "CH16", "{DFB4FC6D-21C8-45C4-88EF-87B8B1B8AF21}"
EndProject
Project("{2150E333-8FDC-42A3-9474-1A3956D46DE8}") = "CH17", "CH17", "{E9474810-F92F-43DA-B820-5D32B4D3DC7B}"
EndProject
Project("{2150E333-8FDC-42A3-9474-1A3956D46DE8}") = "CH18", "CH18", "{58EC160D-B9D2-4F86-B0BF-21E7701E2D3B}"
EndProject
Project("{2150E333-8FDC-42A3-9474-1A3956D46DE8}") = "CH19", "CH19", "{21A9EC84-BCA3-44EE-B7D8-681B988543C2}"
EndProject
Project("{2150E333-8FDC-42A3-9474-1A3956D46DE8}") = "CH20", "CH20", "{E85131A4-086A-4AA0-8184-63B7A3CB81CF}"
EndProject
Project("{2150E333-8FDC-42A3-9474-1A3956D46DE8}") = "Ch21", "Ch21", "{F2FC4CE4-80BD-40AC-B927-F7BEF271A2FD}"
EndProject
Project("{2150E333-8FDC-42A3-9474-1A3956D46DE8}") = "CH22", "CH22", "{486429DE-6F85-4E04-96B2-CC89B0781263}"
EndProject
Project("{2150E333-8FDC-42A3-9474-1A3956D46DE8}") = "CH23", "CH23", "{3A361B0A-AF84-4D45-8587-4EF370223C40}"
EndProject
Project("{2150E333-8FDC-42A3-9474-1A3956D46DE8}") = "CH24", "CH24", "{55EBF4C8-FA96-42D2-A0CE-C0ED40D3AFB8}"
EndProject
Project("{2150E333-8FDC-42A3-9474-1A3956D46DE8}") = "CH25", "CH25", "{26C9787C-7935-4B6F-AAA5-1B0949D2D20C}"
EndProject
Project("{2150E333-8FDC-42A3-9474-1A3956D46DE8}") = "AppendixA", "AppendixA", "{AD98529C-64AC-48D5-A949-8BBF2A218B1A}"
EndProject
Project("{8BC9CEB8-8B4A-11D0-8D11-00A0C91BC942}") = "Common", "Common\Common.vcxproj", "{F8363D07-7118-47A0-B6E9-87EF65D33485}"
EndProject
Project("{2150E333-8FDC-42A3-9474-1A3956D46DE8}") = "Shaders", "Shaders", "{61B64C89-82E2-40E8-A696-C47E9604C231}"
	ProjectSection(SolutionItems) = preProject
		Shaders\BasicEffect.hlsl = Shaders\BasicEffect.hlsl
		Shaders\BasicEffectTex.hlsl = Shaders\BasicEffectTex.hlsl
		Shaders\BasicLighting.hlsl = Shaders\BasicLighting.hlsl
		Shaders\BasicTexture.hlsl = Shaders\BasicTexture.hlsl
		Shaders\BasicTextureAndLighting.hlsl = Shaders\BasicTextureAndLighting.hlsl
		Shaders\Bezier.hlsl = Shaders\Bezier.hlsl
		Shaders\Billboard.hlsl = Shaders\Billboard.hlsl
		Shaders\CircleToCylinder.hlsl = Shaders\CircleToCylinder.hlsl
		Shaders\colorPS.hlsl = Shaders\colorPS.hlsl
		Shaders\colorVS.hlsl = Shaders\colorVS.hlsl
		Shaders\ComputeAddTexture.hlsl = Shaders\ComputeAddTexture.hlsl
		Shaders\ComputeAddVector.hlsl = Shaders\ComputeAddVector.hlsl
		Shaders\ComputeBlur.hlsl = Shaders\ComputeBlur.hlsl
		Shaders\ComputeVectorLength.hlsl = Shaders\ComputeVectorLength.hlsl
		Shaders\ComputeWaves.hlsl = Shaders\ComputeWaves.hlsl
		Shaders\Explosion.hlsl = Shaders\Explosion.hlsl
		Shaders\flubberCubeVS.hlsl = Shaders\flubberCubeVS.hlsl
		Shaders\LightHelper.hlsl = Shaders\LightHelper.hlsl
		Shaders\Multitexture.hlsl = Shaders\Multitexture.hlsl
		Shaders\NormalVisualization.hlsl = Shaders\NormalVisualization.hlsl
		Shaders\OverdrawQuad.hlsl = Shaders\OverdrawQuad.hlsl
		Shaders\SubdivideIcosahedron.hlsl = Shaders\SubdivideIcosahedron.hlsl
		Shaders\TessExamples.hlsl = Shaders\TessExamples.hlsl
		Shaders\TessIcosahedron.hlsl = Shaders\TessIcosahedron.hlsl
		Shaders\TessQuad.hlsl = Shaders\TessQuad.hlsl
		Shaders\ToonLighting.hlsl = Shaders\ToonLighting.hlsl
	EndProjectSection
EndProject
Project("{2150E333-8FDC-42A3-9474-1A3956D46DE8}") = "AppendixC", "AppendixC", "{7ECB1C7D-9B6D-4946-8630-1FDADC0D7341}"
EndProject
Project("{8BC9CEB8-8B4A-11D0-8D11-00A0C91BC942}") = "Win32Basic", "Source\Appendix A\Win32Basic\Win32Basic.vcxproj", "{EA48C589-4ABD-4033-88FB-487BA6826B4F}"
EndProject
Project("{8BC9CEB8-8B4A-11D0-8D11-00A0C91BC942}") = "RayPlaneIntersection", "Source\Appendix C\RayPlaneIntersection\RayPlaneIntersection.vcxproj", "{DA3551C8-C804-4E83-B581-FBF6D072C9B0}"
EndProject
Project("{8BC9CEB8-8B4A-11D0-8D11-00A0C91BC942}") = "EX19", "Source\CH01\EX19\EX19.vcxproj", "{9C182343-C336-4C54-AC5B-842EFFAE9E1D}"
EndProject
Project("{8BC9CEB8-8B4A-11D0-8D11-00A0C91BC942}") = "FloatingPointExample", "Source\CH01\FloatingPointExample\FloatingPointExample.vcxproj", "{C90FB2A9-6D5E-4C62-8CB7-F38B94B4911B}"
EndProject
Project("{8BC9CEB8-8B4A-11D0-8D11-00A0C91BC942}") = "VectorMathExample", "Source\CH01\VectorMathExample\VectorMathExample.vcxproj", "{CF48924C-1C53-4209-976C-57C7288EC7F0}"
EndProject
Project("{8BC9CEB8-8B4A-11D0-8D11-00A0C91BC942}") = "Inverse4x4", "Source\CH02\Inverse4x4\Inverse4x4.vcxproj", "{0B122B75-8F43-4AB4-940A-494218CA686E}"
EndProject
Project("{8BC9CEB8-8B4A-11D0-8D11-00A0C91BC942}") = "MatrixMathExample", "Source\CH02\MatrixMathExample\MatrixMathExample.vcxproj", "{0E22057F-259B-4F9E-97FE-64E6ADE5C670}"
EndProject
Project("{8BC9CEB8-8B4A-11D0-8D11-00A0C91BC942}") = "Transpose", "Source\CH02\Transpose\Transpose.vcxproj", "{49DD8FA7-3E47-4747-BD00-4E4C459C1FFC}"
EndProject
Project("{8BC9CEB8-8B4A-11D0-8D11-00A0C91BC942}") = "InitDirect3DApp", "Source\CH04\InitDirect3DApp\InitDirect3DApp.vcxproj", "{CA9B0438-FED5-47A4-8F84-AA68CF69E75C}"
EndProject
Project("{8BC9CEB8-8B4A-11D0-8D11-00A0C91BC942}") = "Box", "Source\CH06\Box\Box.vcxproj", "{112A8B66-F8D1-4AE3-BC3E-244EBF062018}"
EndProject
Project("{8BC9CEB8-8B4A-11D0-8D11-00A0C91BC942}") = "BoxMod", "Source\CH06\BoxMod\BoxMod.vcxproj", "{EFA3114F-8B46-4276-AA5C-84E197233058}"
EndProject
Project("{8BC9CEB8-8B4A-11D0-8D11-00A0C91BC942}") = "Hills", "Source\CH06\Hills\Hills.vcxproj", "{6383D36D-7DB5-42A8-82F2-2B02C8481D14}"
EndProject
Project("{8BC9CEB8-8B4A-11D0-8D11-00A0C91BC942}") = "PyramidAndBox", "Source\CH06\PyramidAndBox\PyramidAndBox.vcxproj", "{95245B21-3047-49C1-9539-53D057BD50E7}"
EndProject
Project("{8BC9CEB8-8B4A-11D0-8D11-00A0C91BC942}") = "Shapes", "Source\CH06\Shapes\Shapes.vcxproj", "{41A0B7D0-7AF2-4F4B-B90F-9AA2F940A6E8}"
EndProject
Project("{8BC9CEB8-8B4A-11D0-8D11-00A0C91BC942}") = "ShapesMod", "Source\CH06\ShapesMod\ShapesMod.vcxproj", "{861A58F5-ED44-4AD3-9736-6F11B7AACECD}"
EndProject
Project("{8BC9CEB8-8B4A-11D0-8D11-00A0C91BC942}") = "Skull", "Source\CH06\Skull\Skull.vcxproj", "{E82F693C-36C7-4A7D-882D-87D6660E38E2}"
EndProject
Project("{8BC9CEB8-8B4A-11D0-8D11-00A0C91BC942}") = "WavesDemo", "Source\CH06\WavesDemo\WavesDemo.vcxproj", "{06C34CAB-79C0-459B-A1D3-F09508516F52}"
EndProject
Project("{8BC9CEB8-8B4A-11D0-8D11-00A0C91BC942}") = "LitSkull", "Source\CH07\LitSkull\LitSkull.vcxproj", "{9FAB595A-7496-4FD2-A95E-B7539ECC913A}"
EndProject
Project("{8BC9CEB8-8B4A-11D0-8D11-00A0C91BC942}") = "LitWaves", "Source\CH07\LitWaves\LitWaves.vcxproj", "{FFEB658B-740E-426C-99B1-43363B57ED04}"
EndProject
Project("{8BC9CEB8-8B4A-11D0-8D11-00A0C91BC942}") = "LitWavesMod", "Source\CH07\LitWavesMod\LitWavesMod.vcxproj", "{9134D5EE-DFF4-4B37-B8C1-13DD025E310A}"
EndProject
Project("{8BC9CEB8-8B4A-11D0-8D11-00A0C91BC942}") = "ToonWaves", "Source\CH07\ToonWaves\ToonWaves.vcxproj", "{ACC780A9-EF0E-4CD3-AF77-95DF775E23E3}"
EndProject
Project("{8BC9CEB8-8B4A-11D0-8D11-00A0C91BC942}") = "Crate", "Source\CH08\Crate\Crate.vcxproj", "{48C42A7A-3603-4268-BCEA-97E007F1F301}"
EndProject
Project("{8BC9CEB8-8B4A-11D0-8D11-00A0C91BC942}") = "FilterCrates", "Source\CH08\FilterCrates\FilterCrates.vcxproj", "{660D82F6-C24E-4A33-ABE6-02BA754E16F4}"
EndProject
Project("{8BC9CEB8-8B4A-11D0-8D11-00A0C91BC942}") = "FireballCrate", "Source\CH08\FireballCrate\FireballCrate.vcxproj", "{C220AF15-E897-4D44-B038-4C98504BF424}"
EndProject
Project("{8BC9CEB8-8B4A-11D0-8D11-00A0C91BC942}") = "FireCrate", "Source\CH08\FireCrate\FireCrate.vcxproj", "{B3D8796D-3632-449B-B92A-3CE8421F33FA}"
EndProject
Project("{8BC9CEB8-8B4A-11D0-8D11-00A0C91BC942}") = "MipmapCrate", "Source\CH08\MipmapCrate\MipmapCrate.vcxproj", "{8C5479ED-9352-4A18-B3F9-539F70AC4586}"
EndProject
Project("{8BC9CEB8-8B4A-11D0-8D11-00A0C91BC942}") = "TexSkull", "Source\CH08\TexSkull\TexSkull.vcxproj", "{8E4240EB-9644-480F-B254-F2E02D984B4E}"
EndProject
Project("{8BC9CEB8-8B4A-11D0-8D11-00A0C91BC942}") = "TextureWaves", "Source\CH08\TextureWaves\TextureWaves.vcxproj", "{EFD6EA3C-8C60-4740-80A5-FE8D45238B1B}"
EndProject
Project("{8BC9CEB8-8B4A-11D0-8D11-00A0C91BC942}") = "WrapCrates", "Source\CH08\WrapCrates\WrapCrates.vcxproj", "{97C988A2-AD37-4B5C-A3A7-1C7617EDC41B}"
EndProject
Project("{8BC9CEB8-8B4A-11D0-8D11-00A0C91BC942}") = "BlendDemo", "Source\CH09\BlendDemo\BlendDemo.vcxproj", "{10CB9939-92B4-496C-8BD4-D71EBFE1B858}"
EndProject
Project("{8BC9CEB8-8B4A-11D0-8D11-00A0C91BC942}") = "BlendExamples", "Source\CH09\BlendExamples\BlendExamples.vcxproj", "{0C92F3C1-421F-44FC-A72A-1C6E9774B00D}"
EndProject
Project("{8BC9CEB8-8B4A-11D0-8D11-00A0C91BC942}") = "Mirror", "Source\CH10\Mirror\Mirror.vcxproj", "{D957017F-DFFA-403C-ACFB-D462E5901254}"
EndProject
Project("{8BC9CEB8-8B4A-11D0-8D11-00A0C91BC942}") = "OverdrawStencil", "Source\CH10\OverdrawStencil\OverdrawStencil.vcxproj", "{68AFD10F-3BC7-40F3-8354-6D12BD8C54AA}"
EndProject
Project("{8BC9CEB8-8B4A-11D0-8D11-00A0C91BC942}") = "OverdrawBlend", "Source\CH10\OverdrawBlend\OverdrawBlend.vcxproj", "{035EBA46-0C1E-4031-A134-377C9093E47E}"
EndProject
Project("{8BC9CEB8-8B4A-11D0-8D11-00A0C91BC942}") = "BoltCylinder", "Source\CH10\BoltCylinder\BoltCylinder.vcxproj", "{750924F7-F356-4196-B4C0-5CCBCD209046}"
EndProject
Project("{8BC9CEB8-8B4A-11D0-8D11-00A0C91BC942}") = "TreeBillboard", "Source\CH11\TreeBillboard\TreeBillboard.vcxproj", "{FAF94384-3F42-4023-B682-FB6EB0DA221E}"
EndProject
Project("{8BC9CEB8-8B4A-11D0-8D11-00A0C91BC942}") = "CircleToCylinder", "Source\CH11\CircleToCylinder\CircleToCylinder.vcxproj", "{B3136228-37A3-401E-8F09-EF8C0DF828F4}"
EndProject
Project("{8BC9CEB8-8B4A-11D0-8D11-00A0C91BC942}") = "SubdivideIcosahedron", "Source\CH11\SubdivideIcosahedron\SubdivideIcosahedron.vcxproj", "{DF23498B-0690-4BA5-AB3A-8849D277C098}"
EndProject
Project("{8BC9CEB8-8B4A-11D0-8D11-00A0C91BC942}") = "NormalVis", "Source\CH11\NormalVis\NormalVis.vcxproj", "{FD9CC10E-7D5B-459F-9752-B1B55B4F4C31}"
EndProject
Project("{8BC9CEB8-8B4A-11D0-8D11-00A0C91BC942}") = "Explosion", "Source\CH11\Explosion\Explosion.vcxproj", "{21021586-7D7B-45AE-8B31-34C8DA1260CF}"
EndProject
Project("{8BC9CEB8-8B4A-11D0-8D11-00A0C91BC942}") = "ComputeAddTexture", "Source\CH12\ComputeAddTexture\ComputeAddTexture.vcxproj", "{CFFC6AE4-40FB-4230-A581-BE493BBE2CF7}"
EndProject
Project("{8BC9CEB8-8B4A-11D0-8D11-00A0C91BC942}") = "ComputeAddVector", "Source\CH12\ComputeAddVector\ComputeAddVector.vcxproj", "{63F5F4DF-A322-40E8-843F-44D2FE743851}"
EndProject
Project("{8BC9CEB8-8B4A-11D0-8D11-00A0C91BC942}") = "ComputeVectorLength", "Source\CH12\ComputeVectorLength\ComputeVectorLength.vcxproj", "{69389B2C-D3A2-4F93-AAEA-31D3224D216D}"
EndProject
Project("{8BC9CEB8-8B4A-11D0-8D11-00A0C91BC942}") = "BlurDemo", "Source\CH12\BlurDemo\BlurDemo.vcxproj", "{9F946CF1-E270-4804-9159-C68C4CA922AC}"
EndProject
Project("{8BC9CEB8-8B4A-11D0-8D11-00A0C91BC942}") = "ComputeWaves", "Source\CH12\ComputeWaves\ComputeWaves.vcxproj", "{6257E6CD-7FED-4F2C-BA2E-5A810B7EF2BF}"
EndProject
Project("{8BC9CEB8-8B4A-11D0-8D11-00A0C91BC942}") = "TessQuad", "Source\CH13\TessQuad\TessQuad.vcxproj", "{DDF13B0B-4185-438B-B0AB-C59FD309DB92}"
EndProject
Project("{8BC9CEB8-8B4A-11D0-8D11-00A0C91BC942}") = "BezierPatch", "Source\CH13\BezierPatch\BezierPatch.vcxproj", "{ECB39875-6749-462D-8B7F-A9BCE9B21A5E}"
EndProject
Project("{8BC9CEB8-8B4A-11D0-8D11-00A0C91BC942}") = "CameraDemo", "Source\CH14\CameraDemo\CameraDemo.vcxproj", "{FD3BCE81-562F-43E0-BA0B-716351025F44}"
EndProject
Project("{8BC9CEB8-8B4A-11D0-8D11-00A0C91BC942}") = "TessIcosahedron", "Source\CH13\TessIcosahedron\TessIcosahedron.vcxproj", "{3D0034AD-18B9-46D9-9433-3F0ED9E50C86}"
EndProject
Project("{8BC9CEB8-8B4A-11D0-8D11-00A0C91BC942}") = "QuadBezier", "Source\CH13\QuadBezier\QuadBezier.vcxproj", "{013BFA3C-D605-4BD2-9216-6A3F4EA8A518}"
EndProject
Project("{8BC9CEB8-8B4A-11D0-8D11-00A0C91BC942}") = "TessFactorExamples", "Source\CH13\TessFactorExamples\TessFactorExamples.vcxproj", "{898248E2-64F3-490E-949F-6F528CC2897B}"
EndProject
Global
	GlobalSection(SolutionConfigurationPlatforms) = preSolution
		Debug|x64 = Debug|x64
		Debug|x86 = Debug|x86
		Release|x64 = Release|x64
		Release|x86 = Release|x86
	EndGlobalSection
	GlobalSection(ProjectConfigurationPlatforms) = postSolution
		{F8363D07-7118-47A0-B6E9-87EF65D33485}.Debug|x64.ActiveCfg = Debug|x64
		{F8363D07-7118-47A0-B6E9-87EF65D33485}.Debug|x64.Build.0 = Debug|x64
		{F8363D07-7118-47A0-B6E9-87EF65D33485}.Debug|x86.ActiveCfg = Debug|Win32
		{F8363D07-7118-47A0-B6E9-87EF65D33485}.Debug|x86.Build.0 = Debug|Win32
		{F8363D07-7118-47A0-B6E9-87EF65D33485}.Release|x64.ActiveCfg = Release|x64
		{F8363D07-7118-47A0-B6E9-87EF65D33485}.Release|x64.Build.0 = Release|x64
		{F8363D07-7118-47A0-B6E9-87EF65D33485}.Release|x86.ActiveCfg = Release|Win32
		{F8363D07-7118-47A0-B6E9-87EF65D33485}.Release|x86.Build.0 = Release|Win32
		{EA48C589-4ABD-4033-88FB-487BA6826B4F}.Debug|x64.ActiveCfg = Debug|x64
		{EA48C589-4ABD-4033-88FB-487BA6826B4F}.Debug|x64.Build.0 = Debug|x64
		{EA48C589-4ABD-4033-88FB-487BA6826B4F}.Debug|x86.ActiveCfg = Debug|Win32
		{EA48C589-4ABD-4033-88FB-487BA6826B4F}.Debug|x86.Build.0 = Debug|Win32
		{EA48C589-4ABD-4033-88FB-487BA6826B4F}.Release|x64.ActiveCfg = Release|x64
		{EA48C589-4ABD-4033-88FB-487BA6826B4F}.Release|x64.Build.0 = Release|x64
		{EA48C589-4ABD-4033-88FB-487BA6826B4F}.Release|x86.ActiveCfg = Release|Win32
		{EA48C589-4ABD-4033-88FB-487BA6826B4F}.Release|x86.Build.0 = Release|Win32
		{DA3551C8-C804-4E83-B581-FBF6D072C9B0}.Debug|x64.ActiveCfg = Debug|x64
		{DA3551C8-C804-4E83-B581-FBF6D072C9B0}.Debug|x64.Build.0 = Debug|x64
		{DA3551C8-C804-4E83-B581-FBF6D072C9B0}.Debug|x86.ActiveCfg = Debug|Win32
		{DA3551C8-C804-4E83-B581-FBF6D072C9B0}.Debug|x86.Build.0 = Debug|Win32
		{DA3551C8-C804-4E83-B581-FBF6D072C9B0}.Release|x64.ActiveCfg = Release|x64
		{DA3551C8-C804-4E83-B581-FBF6D072C9B0}.Release|x64.Build.0 = Release|x64
		{DA3551C8-C804-4E83-B581-FBF6D072C9B0}.Release|x86.ActiveCfg = Release|Win32
		{DA3551C8-C804-4E83-B581-FBF6D072C9B0}.Release|x86.Build.0 = Release|Win32
		{9C182343-C336-4C54-AC5B-842EFFAE9E1D}.Debug|x64.ActiveCfg = Debug|x64
		{9C182343-C336-4C54-AC5B-842EFFAE9E1D}.Debug|x64.Build.0 = Debug|x64
		{9C182343-C336-4C54-AC5B-842EFFAE9E1D}.Debug|x86.ActiveCfg = Debug|Win32
		{9C182343-C336-4C54-AC5B-842EFFAE9E1D}.Debug|x86.Build.0 = Debug|Win32
		{9C182343-C336-4C54-AC5B-842EFFAE9E1D}.Release|x64.ActiveCfg = Release|x64
		{9C182343-C336-4C54-AC5B-842EFFAE9E1D}.Release|x64.Build.0 = Release|x64
		{9C182343-C336-4C54-AC5B-842EFFAE9E1D}.Release|x86.ActiveCfg = Release|Win32
		{9C182343-C336-4C54-AC5B-842EFFAE9E1D}.Release|x86.Build.0 = Release|Win32
		{C90FB2A9-6D5E-4C62-8CB7-F38B94B4911B}.Debug|x64.ActiveCfg = Debug|x64
		{C90FB2A9-6D5E-4C62-8CB7-F38B94B4911B}.Debug|x64.Build.0 = Debug|x64
		{C90FB2A9-6D5E-4C62-8CB7-F38B94B4911B}.Debug|x86.ActiveCfg = Debug|Win32
		{C90FB2A9-6D5E-4C62-8CB7-F38B94B4911B}.Debug|x86.Build.0 = Debug|Win32
		{C90FB2A9-6D5E-4C62-8CB7-F38B94B4911B}.Release|x64.ActiveCfg = Release|x64
		{C90FB2A9-6D5E-4C62-8CB7-F38B94B4911B}.Release|x64.Build.0 = Release|x64
		{C90FB2A9-6D5E-4C62-8CB7-F38B94B4911B}.Release|x86.ActiveCfg = Release|Win32
		{C90FB2A9-6D5E-4C62-8CB7-F38B94B4911B}.Release|x86.Build.0 = Release|Win32
		{CF48924C-1C53-4209-976C-57C7288EC7F0}.Debug|x64.ActiveCfg = Debug|x64
		{CF48924C-1C53-4209-976C-57C7288EC7F0}.Debug|x64.Build.0 = Debug|x64
		{CF48924C-1C53-4209-976C-57C7288EC7F0}.Debug|x86.ActiveCfg = Debug|Win32
		{CF48924C-1C53-4209-976C-57C7288EC7F0}.Debug|x86.Build.0 = Debug|Win32
		{CF48924C-1C53-4209-976C-57C7288EC7F0}.Release|x64.ActiveCfg = Release|x64
		{CF48924C-1C53-4209-976C-57C7288EC7F0}.Release|x64.Build.0 = Release|x64
		{CF48924C-1C53-4209-976C-57C7288EC7F0}.Release|x86.ActiveCfg = Release|Win32
		{CF48924C-1C53-4209-976C-57C7288EC7F0}.Release|x86.Build.0 = Release|Win32
		{0B122B75-8F43-4AB4-940A-494218CA686E}.Debug|x64.ActiveCfg = Debug|x64
		{0B122B75-8F43-4AB4-940A-494218CA686E}.Debug|x64.Build.0 = Debug|x64
		{0B122B75-8F43-4AB4-940A-494218CA686E}.Debug|x86.ActiveCfg = Debug|Win32
		{0B122B75-8F43-4AB4-940A-494218CA686E}.Debug|x86.Build.0 = Debug|Win32
		{0B122B75-8F43-4AB4-940A-494218CA686E}.Release|x64.ActiveCfg = Release|x64
		{0B122B75-8F43-4AB4-940A-494218CA686E}.Release|x64.Build.0 = Release|x64
		{0B122B75-8F43-4AB4-940A-494218CA686E}.Release|x86.ActiveCfg = Release|Win32
		{0B122B75-8F43-4AB4-940A-494218CA686E}.Release|x86.Build.0 = Release|Win32
		{0E22057F-259B-4F9E-97FE-64E6ADE5C670}.Debug|x64.ActiveCfg = Debug|x64
		{0E22057F-259B-4F9E-97FE-64E6ADE5C670}.Debug|x64.Build.0 = Debug|x64
		{0E22057F-259B-4F9E-97FE-64E6ADE5C670}.Debug|x86.ActiveCfg = Debug|Win32
		{0E22057F-259B-4F9E-97FE-64E6ADE5C670}.Debug|x86.Build.0 = Debug|Win32
		{0E22057F-259B-4F9E-97FE-64E6ADE5C670}.Release|x64.ActiveCfg = Release|x64
		{0E22057F-259B-4F9E-97FE-64E6ADE5C670}.Release|x64.Build.0 = Release|x64
		{0E22057F-259B-4F9E-97FE-64E6ADE5C670}.Release|x86.ActiveCfg = Release|Win32
		{0E22057F-259B-4F9E-97FE-64E6ADE5C670}.Release|x86.Build.0 = Release|Win32
		{49DD8FA7-3E47-4747-BD00-4E4C459C1FFC}.Debug|x64.ActiveCfg = Debug|x64
		{49DD8FA7-3E47-4747-BD00-4E4C459C1FFC}.Debug|x64.Build.0 = Debug|x64
		{49DD8FA7-3E47-4747-BD00-4E4C459C1FFC}.Debug|x86.ActiveCfg = Debug|Win32
		{49DD8FA7-3E47-4747-BD00-4E4C459C1FFC}.Debug|x86.Build.0 = Debug|Win32
		{49DD8FA7-3E47-4747-BD00-4E4C459C1FFC}.Release|x64.ActiveCfg = Release|x64
		{49DD8FA7-3E47-4747-BD00-4E4C459C1FFC}.Release|x64.Build.0 = Release|x64
		{49DD8FA7-3E47-4747-BD00-4E4C459C1FFC}.Release|x86.ActiveCfg = Release|Win32
		{49DD8FA7-3E47-4747-BD00-4E4C459C1FFC}.Release|x86.Build.0 = Release|Win32
		{CA9B0438-FED5-47A4-8F84-AA68CF69E75C}.Debug|x64.ActiveCfg = Debug|x64
		{CA9B0438-FED5-47A4-8F84-AA68CF69E75C}.Debug|x64.Build.0 = Debug|x64
		{CA9B0438-FED5-47A4-8F84-AA68CF69E75C}.Debug|x86.ActiveCfg = Debug|Win32
		{CA9B0438-FED5-47A4-8F84-AA68CF69E75C}.Debug|x86.Build.0 = Debug|Win32
		{CA9B0438-FED5-47A4-8F84-AA68CF69E75C}.Release|x64.ActiveCfg = Release|x64
		{CA9B0438-FED5-47A4-8F84-AA68CF69E75C}.Release|x64.Build.0 = Release|x64
		{CA9B0438-FED5-47A4-8F84-AA68CF69E75C}.Release|x86.ActiveCfg = Release|Win32
		{CA9B0438-FED5-47A4-8F84-AA68CF69E75C}.Release|x86.Build.0 = Release|Win32
		{112A8B66-F8D1-4AE3-BC3E-244EBF062018}.Debug|x64.ActiveCfg = Debug|x64
		{112A8B66-F8D1-4AE3-BC3E-244EBF062018}.Debug|x64.Build.0 = Debug|x64
		{112A8B66-F8D1-4AE3-BC3E-244EBF062018}.Debug|x86.ActiveCfg = Debug|Win32
		{112A8B66-F8D1-4AE3-BC3E-244EBF062018}.Debug|x86.Build.0 = Debug|Win32
		{112A8B66-F8D1-4AE3-BC3E-244EBF062018}.Release|x64.ActiveCfg = Release|x64
		{112A8B66-F8D1-4AE3-BC3E-244EBF062018}.Release|x64.Build.0 = Release|x64
		{112A8B66-F8D1-4AE3-BC3E-244EBF062018}.Release|x86.ActiveCfg = Release|Win32
		{112A8B66-F8D1-4AE3-BC3E-244EBF062018}.Release|x86.Build.0 = Release|Win32
		{EFA3114F-8B46-4276-AA5C-84E197233058}.Debug|x64.ActiveCfg = Debug|x64
		{EFA3114F-8B46-4276-AA5C-84E197233058}.Debug|x64.Build.0 = Debug|x64
		{EFA3114F-8B46-4276-AA5C-84E197233058}.Debug|x86.ActiveCfg = Debug|Win32
		{EFA3114F-8B46-4276-AA5C-84E197233058}.Debug|x86.Build.0 = Debug|Win32
		{EFA3114F-8B46-4276-AA5C-84E197233058}.Release|x64.ActiveCfg = Release|x64
		{EFA3114F-8B46-4276-AA5C-84E197233058}.Release|x64.Build.0 = Release|x64
		{EFA3114F-8B46-4276-AA5C-84E197233058}.Release|x86.ActiveCfg = Release|Win32
		{EFA3114F-8B46-4276-AA5C-84E197233058}.Release|x86.Build.0 = Release|Win32
		{6383D36D-7DB5-42A8-82F2-2B02C8481D14}.Debug|x64.ActiveCfg = Debug|x64
		{6383D36D-7DB5-42A8-82F2-2B02C8481D14}.Debug|x64.Build.0 = Debug|x64
		{6383D36D-7DB5-42A8-82F2-2B02C8481D14}.Debug|x86.ActiveCfg = Debug|Win32
		{6383D36D-7DB5-42A8-82F2-2B02C8481D14}.Debug|x86.Build.0 = Debug|Win32
		{6383D36D-7DB5-42A8-82F2-2B02C8481D14}.Release|x64.ActiveCfg = Release|x64
		{6383D36D-7DB5-42A8-82F2-2B02C8481D14}.Release|x64.Build.0 = Release|x64
		{6383D36D-7DB5-42A8-82F2-2B02C8481D14}.Release|x86.ActiveCfg = Release|Win32
		{6383D36D-7DB5-42A8-82F2-2B02C8481D14}.Release|x86.Build.0 = Release|Win32
		{95245B21-3047-49C1-9539-53D057BD50E7}.Debug|x64.ActiveCfg = Debug|x64
		{95245B21-3047-49C1-9539-53D057BD50E7}.Debug|x64.Build.0 = Debug|x64
		{95245B21-3047-49C1-9539-53D057BD50E7}.Debug|x86.ActiveCfg = Debug|Win32
		{95245B21-3047-49C1-9539-53D057BD50E7}.Debug|x86.Build.0 = Debug|Win32
		{95245B21-3047-49C1-9539-53D057BD50E7}.Release|x64.ActiveCfg = Release|x64
		{95245B21-3047-49C1-9539-53D057BD50E7}.Release|x64.Build.0 = Release|x64
		{95245B21-3047-49C1-9539-53D057BD50E7}.Release|x86.ActiveCfg = Release|Win32
		{95245B21-3047-49C1-9539-53D057BD50E7}.Release|x86.Build.0 = Release|Win32
		{41A0B7D0-7AF2-4F4B-B90F-9AA2F940A6E8}.Debug|x64.ActiveCfg = Debug|x64
		{41A0B7D0-7AF2-4F4B-B90F-9AA2F940A6E8}.Debug|x64.Build.0 = Debug|x64
		{41A0B7D0-7AF2-4F4B-B90F-9AA2F940A6E8}.Debug|x86.ActiveCfg = Debug|Win32
		{41A0B7D0-7AF2-4F4B-B90F-9AA2F940A6E8}.Debug|x86.Build.0 = Debug|Win32
		{41A0B7D0-7AF2-4F4B-B90F-9AA2F940A6E8}.Release|x64.ActiveCfg = Release|x64
		{41A0B7D0-7AF2-4F4B-B90F-9AA2F940A6E8}.Release|x64.Build.0 = Release|x64
		{41A0B7D0-7AF2-4F4B-B90F-9AA2F940A6E8}.Release|x86.ActiveCfg = Release|Win32
		{41A0B7D0-7AF2-4F4B-B90F-9AA2F940A6E8}.Release|x86.Build.0 = Release|Win32
		{861A58F5-ED44-4AD3-9736-6F11B7AACECD}.Debug|x64.ActiveCfg = Debug|x64
		{861A58F5-ED44-4AD3-9736-6F11B7AACECD}.Debug|x64.Build.0 = Debug|x64
		{861A58F5-ED44-4AD3-9736-6F11B7AACECD}.Debug|x86.ActiveCfg = Debug|Win32
		{861A58F5-ED44-4AD3-9736-6F11B7AACECD}.Debug|x86.Build.0 = Debug|Win32
		{861A58F5-ED44-4AD3-9736-6F11B7AACECD}.Release|x64.ActiveCfg = Release|x64
		{861A58F5-ED44-4AD3-9736-6F11B7AACECD}.Release|x64.Build.0 = Release|x64
		{861A58F5-ED44-4AD3-9736-6F11B7AACECD}.Release|x86.ActiveCfg = Release|Win32
		{861A58F5-ED44-4AD3-9736-6F11B7AACECD}.Release|x86.Build.0 = Release|Win32
		{E82F693C-36C7-4A7D-882D-87D6660E38E2}.Debug|x64.ActiveCfg = Debug|x64
		{E82F693C-36C7-4A7D-882D-87D6660E38E2}.Debug|x64.Build.0 = Debug|x64
		{E82F693C-36C7-4A7D-882D-87D6660E38E2}.Debug|x86.ActiveCfg = Debug|Win32
		{E82F693C-36C7-4A7D-882D-87D6660E38E2}.Debug|x86.Build.0 = Debug|Win32
		{E82F693C-36C7-4A7D-882D-87D6660E38E2}.Release|x64.ActiveCfg = Release|x64
		{E82F693C-36C7-4A7D-882D-87D6660E38E2}.Release|x64.Build.0 = Release|x64
		{E82F693C-36C7-4A7D-882D-87D6660E38E2}.Release|x86.ActiveCfg = Release|Win32
		{E82F693C-36C7-4A7D-882D-87D6660E38E2}.Release|x86.Build.0 = Release|Win32
		{06C34CAB-79C0-459B-A1D3-F09508516F52}.Debug|x64.ActiveCfg = Debug|x64
		{06C34CAB-79C0-459B-A1D3-F09508516F52}.Debug|x64.Build.0 = Debug|x64
		{06C34CAB-79C0-459B-A1D3-F09508516F52}.Debug|x86.ActiveCfg = Debug|Win32
		{06C34CAB-79C0-459B-A1D3-F09508516F52}.Debug|x86.Build.0 = Debug|Win32
		{06C34CAB-79C0-459B-A1D3-F09508516F52}.Release|x64.ActiveCfg = Release|x64
		{06C34CAB-79C0-459B-A1D3-F09508516F52}.Release|x64.Build.0 = Release|x64
		{06C34CAB-79C0-459B-A1D3-F09508516F52}.Release|x86.ActiveCfg = Release|Win32
		{06C34CAB-79C0-459B-A1D3-F09508516F52}.Release|x86.Build.0 = Release|Win32
		{9FAB595A-7496-4FD2-A95E-B7539ECC913A}.Debug|x64.ActiveCfg = Debug|x64
		{9FAB595A-7496-4FD2-A95E-B7539ECC913A}.Debug|x64.Build.0 = Debug|x64
		{9FAB595A-7496-4FD2-A95E-B7539ECC913A}.Debug|x86.ActiveCfg = Debug|Win32
		{9FAB595A-7496-4FD2-A95E-B7539ECC913A}.Debug|x86.Build.0 = Debug|Win32
		{9FAB595A-7496-4FD2-A95E-B7539ECC913A}.Release|x64.ActiveCfg = Release|x64
		{9FAB595A-7496-4FD2-A95E-B7539ECC913A}.Release|x64.Build.0 = Release|x64
		{9FAB595A-7496-4FD2-A95E-B7539ECC913A}.Release|x86.ActiveCfg = Release|Win32
		{9FAB595A-7496-4FD2-A95E-B7539ECC913A}.Release|x86.Build.0 = Release|Win32
		{FFEB658B-740E-426C-99B1-43363B57ED04}.Debug|x64.ActiveCfg = Debug|x64
		{FFEB658B-740E-426C-99B1-43363B57ED04}.Debug|x64.Build.0 = Debug|x64
		{FFEB658B-740E-426C-99B1-43363B57ED04}.Debug|x86.ActiveCfg = Debug|Win32
		{FFEB658B-740E-426C-99B1-43363B57ED04}.Debug|x86.Build.0 = Debug|Win32
		{FFEB658B-740E-426C-99B1-43363B57ED04}.Release|x64.ActiveCfg = Release|x64
		{FFEB658B-740E-426C-99B1-43363B57ED04}.Release|x64.Build.0 = Release|x64
		{FFEB658B-740E-426C-99B1-43363B57ED04}.Release|x86.ActiveCfg = Release|Win32
		{FFEB658B-740E-426C-99B1-43363B57ED04}.Release|x86.Build.0 = Release|Win32
		{9134D5EE-DFF4-4B37-B8C1-13DD025E310A}.Debug|x64.ActiveCfg = Debug|x64
		{9134D5EE-DFF4-4B37-B8C1-13DD025E310A}.Debug|x64.Build.0 = Debug|x64
		{9134D5EE-DFF4-4B37-B8C1-13DD025E310A}.Debug|x86.ActiveCfg = Debug|Win32
		{9134D5EE-DFF4-4B37-B8C1-13DD025E310A}.Debug|x86.Build.0 = Debug|Win32
		{9134D5EE-DFF4-4B37-B8C1-13DD025E310A}.Release|x64.ActiveCfg = Release|x64
		{9134D5EE-DFF4-4B37-B8C1-13DD025E310A}.Release|x64.Build.0 = Release|x64
		{9134D5EE-DFF4-4B37-B8C1-13DD025E310A}.Release|x86.ActiveCfg = Release|Win32
		{9134D5EE-DFF4-4B37-B8C1-13DD025E310A}.Release|x86.Build.0 = Release|Win32
		{ACC780A9-EF0E-4CD3-AF77-95DF775E23E3}.Debug|x64.ActiveCfg = Debug|x64
		{ACC780A9-EF0E-4CD3-AF77-95DF775E23E3}.Debug|x64.Build.0 = Debug|x64
		{ACC780A9-EF0E-4CD3-AF77-95DF775E23E3}.Debug|x86.ActiveCfg = Debug|Win32
		{ACC780A9-EF0E-4CD3-AF77-95DF775E23E3}.Debug|x86.Build.0 = Debug|Win32
		{ACC780A9-EF0E-4CD3-AF77-95DF775E23E3}.Release|x64.ActiveCfg = Release|x64
		{ACC780A9-EF0E-4CD3-AF77-95DF775E23E3}.Release|x64.Build.0 = Release|x64
		{ACC780A9-EF0E-4CD3-AF77-95DF775E23E3}.Release|x86.ActiveCfg = Release|Win32
		{ACC780A9-EF0E-4CD3-AF77-95DF775E23E3}.Release|x86.Build.0 = Release|Win32
		{48C42A7A-3603-4268-BCEA-97E007F1F301}.Debug|x64.ActiveCfg = Debug|x64
		{48C42A7A-3603-4268-BCEA-97E007F1F301}.Debug|x64.Build.0 = Debug|x64
		{48C42A7A-3603-4268-BCEA-97E007F1F301}.Debug|x86.ActiveCfg = Debug|Win32
		{48C42A7A-3603-4268-BCEA-97E007F1F301}.Debug|x86.Build.0 = Debug|Win32
		{48C42A7A-3603-4268-BCEA-97E007F1F301}.Release|x64.ActiveCfg = Release|x64
		{48C42A7A-3603-4268-BCEA-97E007F1F301}.Release|x64.Build.0 = Release|x64
		{48C42A7A-3603-4268-BCEA-97E007F1F301}.Release|x86.ActiveCfg = Release|Win32
		{48C42A7A-3603-4268-BCEA-97E007F1F301}.Release|x86.Build.0 = Release|Win32
		{660D82F6-C24E-4A33-ABE6-02BA754E16F4}.Debug|x64.ActiveCfg = Debug|x64
		{660D82F6-C24E-4A33-ABE6-02BA754E16F4}.Debug|x64.Build.0 = Debug|x64
		{660D82F6-C24E-4A33-ABE6-02BA754E16F4}.Debug|x86.ActiveCfg = Debug|Win32
		{660D82F6-C24E-4A33-ABE6-02BA754E16F4}.Debug|x86.Build.0 = Debug|Win32
		{660D82F6-C24E-4A33-ABE6-02BA754E16F4}.Release|x64.ActiveCfg = Release|x64
		{660D82F6-C24E-4A33-ABE6-02BA754E16F4}.Release|x64.Build.0 = Release|x64
		{660D82F6-C24E-4A33-ABE6-02BA754E16F4}.Release|x86.ActiveCfg = Release|Win32
		{660D82F6-C24E-4A33-ABE6-02BA754E16F4}.Release|x86.Build.0 = Release|Win32
		{C220AF15-E897-4D44-B038-4C98504BF424}.Debug|x64.ActiveCfg = Debug|x64
		{C220AF15-E897-4D44-B038-4C98504BF424}.Debug|x64.Build.0 = Debug|x64
		{C220AF15-E897-4D44-B038-4C98504BF424}.Debug|x86.ActiveCfg = Debug|Win32
		{C220AF15-E897-4D44-B038-4C98504BF424}.Debug|x86.Build.0 = Debug|Win32
		{C220AF15-E897-4D44-B038-4C98504BF424}.Release|x64.ActiveCfg = Release|x64
		{C220AF15-E897-4D44-B038-4C98504BF424}.Release|x64.Build.0 = Release|x64
		{C220AF15-E897-4D44-B038-4C98504BF424}.Release|x86.ActiveCfg = Release|Win32
		{C220AF15-E897-4D44-B038-4C98504BF424}.Release|x86.Build.0 = Release|Win32
		{B3D8796D-3632-449B-B92A-3CE8421F33FA}.Debug|x64.ActiveCfg = Debug|x64
		{B3D8796D-3632-449B-B92A-3CE8421F33FA}.Debug|x64.Build.0 = Debug|x64
		{B3D8796D-3632-449B-B92A-3CE8421F33FA}.Debug|x86.ActiveCfg = Debug|Win32
		{B3D8796D-3632-449B-B92A-3CE8421F33FA}.Debug|x86.Build.0 = Debug|Win32
		{B3D8796D-3632-449B-B92A-3CE8421F33FA}.Release|x64.ActiveCfg = Release|x64
		{B3D8796D-3632-449B-B92A-3CE8421F33FA}.Release|x64.Build.0 = Release|x64
		{B3D8796D-3632-449B-B92A-3CE8421F33FA}.Release|x86.ActiveCfg = Release|Win32
		{B3D8796D-3632-449B-B92A-3CE8421F33FA}.Release|x86.Build.0 = Release|Win32
		{8C5479ED-9352-4A18-B3F9-539F70AC4586}.Debug|x64.ActiveCfg = Debug|x64
		{8C5479ED-9352-4A18-B3F9-539F70AC4586}.Debug|x64.Build.0 = Debug|x64
		{8C5479ED-9352-4A18-B3F9-539F70AC4586}.Debug|x86.ActiveCfg = Debug|Win32
		{8C5479ED-9352-4A18-B3F9-539F70AC4586}.Debug|x86.Build.0 = Debug|Win32
		{8C5479ED-9352-4A18-B3F9-539F70AC4586}.Release|x64.ActiveCfg = Release|x64
		{8C5479ED-9352-4A18-B3F9-539F70AC4586}.Release|x64.Build.0 = Release|x64
		{8C5479ED-9352-4A18-B3F9-539F70AC4586}.Release|x86.ActiveCfg = Release|Win32
		{8C5479ED-9352-4A18-B3F9-539F70AC4586}.Release|x86.Build.0 = Release|Win32
		{8E4240EB-9644-480F-B254-F2E02D984B4E}.Debug|x64.ActiveCfg = Debug|x64
		{8E4240EB-9644-480F-B254-F2E02D984B4E}.Debug|x64.Build.0 = Debug|x64
		{8E4240EB-9644-480F-B254-F2E02D984B4E}.Debug|x86.ActiveCfg = Debug|Win32
		{8E4240EB-9644-480F-B254-F2E02D984B4E}.Debug|x86.Build.0 = Debug|Win32
		{8E4240EB-9644-480F-B254-F2E02D984B4E}.Release|x64.ActiveCfg = Release|x64
		{8E4240EB-9644-480F-B254-F2E02D984B4E}.Release|x64.Build.0 = Release|x64
		{8E4240EB-9644-480F-B254-F2E02D984B4E}.Release|x86.ActiveCfg = Release|Win32
		{8E4240EB-9644-480F-B254-F2E02D984B4E}.Release|x86.Build.0 = Release|Win32
		{EFD6EA3C-8C60-4740-80A5-FE8D45238B1B}.Debug|x64.ActiveCfg = Debug|x64
		{EFD6EA3C-8C60-4740-80A5-FE8D45238B1B}.Debug|x64.Build.0 = Debug|x64
		{EFD6EA3C-8C60-4740-80A5-FE8D45238B1B}.Debug|x86.ActiveCfg = Debug|Win32
		{EFD6EA3C-8C60-4740-80A5-FE8D45238B1B}.Debug|x86.Build.0 = Debug|Win32
		{EFD6EA3C-8C60-4740-80A5-FE8D45238B1B}.Release|x64.ActiveCfg = Release|x64
		{EFD6EA3C-8C60-4740-80A5-FE8D45238B1B}.Release|x64.Build.0 = Release|x64
		{EFD6EA3C-8C60-4740-80A5-FE8D45238B1B}.Release|x86.ActiveCfg = Release|Win32
		{EFD6EA3C-8C60-4740-80A5-FE8D45238B1B}.Release|x86.Build.0 = Release|Win32
		{97C988A2-AD37-4B5C-A3A7-1C7617EDC41B}.Debug|x64.ActiveCfg = Debug|x64
		{97C988A2-AD37-4B5C-A3A7-1C7617EDC41B}.Debug|x64.Build.0 = Debug|x64
		{97C988A2-AD37-4B5C-A3A7-1C7617EDC41B}.Debug|x86.ActiveCfg = Debug|Win32
		{97C988A2-AD37-4B5C-A3A7-1C7617EDC41B}.Debug|x86.Build.0 = Debug|Win32
		{97C988A2-AD37-4B5C-A3A7-1C7617EDC41B}.Release|x64.ActiveCfg = Release|x64
		{97C988A2-AD37-4B5C-A3A7-1C7617EDC41B}.Release|x64.Build.0 = Release|x64
		{97C988A2-AD37-4B5C-A3A7-1C7617EDC41B}.Release|x86.ActiveCfg = Release|Win32
		{97C988A2-AD37-4B5C-A3A7-1C7617EDC41B}.Release|x86.Build.0 = Release|Win32
		{10CB9939-92B4-496C-8BD4-D71EBFE1B858}.Debug|x64.ActiveCfg = Debug|x64
		{10CB9939-92B4-496C-8BD4-D71EBFE1B858}.Debug|x64.Build.0 = Debug|x64
		{10CB9939-92B4-496C-8BD4-D71EBFE1B858}.Debug|x86.ActiveCfg = Debug|Win32
		{10CB9939-92B4-496C-8BD4-D71EBFE1B858}.Debug|x86.Build.0 = Debug|Win32
		{10CB9939-92B4-496C-8BD4-D71EBFE1B858}.Release|x64.ActiveCfg = Release|x64
		{10CB9939-92B4-496C-8BD4-D71EBFE1B858}.Release|x64.Build.0 = Release|x64
		{10CB9939-92B4-496C-8BD4-D71EBFE1B858}.Release|x86.ActiveCfg = Release|Win32
		{10CB9939-92B4-496C-8BD4-D71EBFE1B858}.Release|x86.Build.0 = Release|Win32
		{0C92F3C1-421F-44FC-A72A-1C6E9774B00D}.Debug|x64.ActiveCfg = Debug|x64
		{0C92F3C1-421F-44FC-A72A-1C6E9774B00D}.Debug|x64.Build.0 = Debug|x64
		{0C92F3C1-421F-44FC-A72A-1C6E9774B00D}.Debug|x86.ActiveCfg = Debug|Win32
		{0C92F3C1-421F-44FC-A72A-1C6E9774B00D}.Debug|x86.Build.0 = Debug|Win32
		{0C92F3C1-421F-44FC-A72A-1C6E9774B00D}.Release|x64.ActiveCfg = Release|x64
		{0C92F3C1-421F-44FC-A72A-1C6E9774B00D}.Release|x64.Build.0 = Release|x64
		{0C92F3C1-421F-44FC-A72A-1C6E9774B00D}.Release|x86.ActiveCfg = Release|Win32
		{0C92F3C1-421F-44FC-A72A-1C6E9774B00D}.Release|x86.Build.0 = Release|Win32
		{D957017F-DFFA-403C-ACFB-D462E5901254}.Debug|x64.ActiveCfg = Debug|x64
		{D957017F-DFFA-403C-ACFB-D462E5901254}.Debug|x64.Build.0 = Debug|x64
		{D957017F-DFFA-403C-ACFB-D462E5901254}.Debug|x86.ActiveCfg = Debug|Win32
		{D957017F-DFFA-403C-ACFB-D462E5901254}.Debug|x86.Build.0 = Debug|Win32
		{D957017F-DFFA-403C-ACFB-D462E5901254}.Release|x64.ActiveCfg = Release|x64
		{D957017F-DFFA-403C-ACFB-D462E5901254}.Release|x64.Build.0 = Release|x64
		{D957017F-DFFA-403C-ACFB-D462E5901254}.Release|x86.ActiveCfg = Release|Win32
		{D957017F-DFFA-403C-ACFB-D462E5901254}.Release|x86.Build.0 = Release|Win32
		{68AFD10F-3BC7-40F3-8354-6D12BD8C54AA}.Debug|x64.ActiveCfg = Debug|x64
		{68AFD10F-3BC7-40F3-8354-6D12BD8C54AA}.Debug|x64.Build.0 = Debug|x64
		{68AFD10F-3BC7-40F3-8354-6D12BD8C54AA}.Debug|x86.ActiveCfg = Debug|Win32
		{68AFD10F-3BC7-40F3-8354-6D12BD8C54AA}.Debug|x86.Build.0 = Debug|Win32
		{68AFD10F-3BC7-40F3-8354-6D12BD8C54AA}.Release|x64.ActiveCfg = Release|x64
		{68AFD10F-3BC7-40F3-8354-6D12BD8C54AA}.Release|x64.Build.0 = Release|x64
		{68AFD10F-3BC7-40F3-8354-6D12BD8C54AA}.Release|x86.ActiveCfg = Release|Win32
		{68AFD10F-3BC7-40F3-8354-6D12BD8C54AA}.Release|x86.Build.0 = Release|Win32
		{035EBA46-0C1E-4031-A134-377C9093E47E}.Debug|x64.ActiveCfg = Debug|x64
		{035EBA46-0C1E-4031-A134-377C9093E47E}.Debug|x64.Build.0 = Debug|x64
		{035EBA46-0C1E-4031-A134-377C9093E47E}.Debug|x86.ActiveCfg = Debug|Win32
		{035EBA46-0C1E-4031-A134-377C9093E47E}.Debug|x86.Build.0 = Debug|Win32
		{035EBA46-0C1E-4031-A134-377C9093E47E}.Release|x64.ActiveCfg = Release|x64
		{035EBA46-0C1E-4031-A134-377C9093E47E}.Release|x64.Build.0 = Release|x64
		{035EBA46-0C1E-4031-A134-377C9093E47E}.Release|x86.ActiveCfg = Release|Win32
		{035EBA46-0C1E-4031-A134-377C9093E47E}.Release|x86.Build.0 = Release|Win32
		{750924F7-F356-4196-B4C0-5CCBCD209046}.Debug|x64.ActiveCfg = Debug|x64
		{750924F7-F356-4196-B4C0-5CCBCD209046}.Debug|x64.Build.0 = Debug|x64
		{750924F7-F356-4196-B4C0-5CCBCD209046}.Debug|x86.ActiveCfg = Debug|Win32
		{750924F7-F356-4196-B4C0-5CCBCD209046}.Debug|x86.Build.0 = Debug|Win32
		{750924F7-F356-4196-B4C0-5CCBCD209046}.Release|x64.ActiveCfg = Release|x64
		{750924F7-F356-4196-B4C0-5CCBCD209046}.Release|x64.Build.0 = Release|x64
		{750924F7-F356-4196-B4C0-5CCBCD209046}.Release|x86.ActiveCfg = Release|Win32
		{750924F7-F356-4196-B4C0-5CCBCD209046}.Release|x86.Build.0 = Release|Win32
		{FAF94384-3F42-4023-B682-FB6EB0DA221E}.Debug|x64.ActiveCfg = Debug|x64
		{FAF94384-3F42-4023-B682-FB6EB0DA221E}.Debug|x64.Build.0 = Debug|x64
		{FAF94384-3F42-4023-B682-FB6EB0DA221E}.Debug|x86.ActiveCfg = Debug|Win32
		{FAF94384-3F42-4023-B682-FB6EB0DA221E}.Debug|x86.Build.0 = Debug|Win32
		{FAF94384-3F42-4023-B682-FB6EB0DA221E}.Release|x64.ActiveCfg = Release|x64
		{FAF94384-3F42-4023-B682-FB6EB0DA221E}.Release|x64.Build.0 = Release|x64
		{FAF94384-3F42-4023-B682-FB6EB0DA221E}.Release|x86.ActiveCfg = Release|Win32
		{FAF94384-3F42-4023-B682-FB6EB0DA221E}.Release|x86.Build.0 = Release|Win32
		{B3136228-37A3-401E-8F09-EF8C0DF828F4}.Debug|x64.ActiveCfg = Debug|x64
		{B3136228-37A3-401E-8F09-EF8C0DF828F4}.Debug|x64.Build.0 = Debug|x64
		{B3136228-37A3-401E-8F09-EF8C0DF828F4}.Debug|x86.ActiveCfg = Debug|Win32
		{B3136228-37A3-401E-8F09-EF8C0DF828F4}.Debug|x86.Build.0 = Debug|Win32
		{B3136228-37A3-401E-8F09-EF8C0DF828F4}.Release|x64.ActiveCfg = Release|x64
		{B3136228-37A3-401E-8F09-EF8C0DF828F4}.Release|x64.Build.0 = Release|x64
		{B3136228-37A3-401E-8F09-EF8C0DF828F4}.Release|x86.ActiveCfg = Release|Win32
		{B3136228-37A3-401E-8F09-EF8C0DF828F4}.Release|x86.Build.0 = Release|Win32
		{DF23498B-0690-4BA5-AB3A-8849D277C098}.Debug|x64.ActiveCfg = Debug|x64
		{DF23498B-0690-4BA5-AB3A-8849D277C098}.Debug|x64.Build.0 = Debug|x64
		{DF23498B-0690-4BA5-AB3A-8849D277C098}.Debug|x86.ActiveCfg = Debug|Win32
		{DF23498B-0690-4BA5-AB3A-8849D277C098}.Debug|x86.Build.0 = Debug|Win32
		{DF23498B-0690-4BA5-AB3A-8849D277C098}.Release|x64.ActiveCfg = Release|x64
		{DF23498B-0690-4BA5-AB3A-8849D277C098}.Release|x64.Build.0 = Release|x64
		{DF23498B-0690-4BA5-AB3A-8849D277C098}.Release|x86.ActiveCfg = Release|Win32
		{DF23498B-0690-4BA5-AB3A-8849D277C098}.Release|x86.Build.0 = Release|Win32
		{FD9CC10E-7D5B-459F-9752-B1B55B4F4C31}.Debug|x64.ActiveCfg = Debug|x64
		{FD9CC10E-7D5B-459F-9752-B1B55B4F4C31}.Debug|x64.Build.0 = Debug|x64
		{FD9CC10E-7D5B-459F-9752-B1B55B4F4C31}.Debug|x86.ActiveCfg = Debug|Win32
		{FD9CC10E-7D5B-459F-9752-B1B55B4F4C31}.Debug|x86.Build.0 = Debug|Win32
		{FD9CC10E-7D5B-459F-9752-B1B55B4F4C31}.Release|x64.ActiveCfg = Release|x64
		{FD9CC10E-7D5B-459F-9752-B1B55B4F4C31}.Release|x64.Build.0 = Release|x64
		{FD9CC10E-7D5B-459F-9752-B1B55B4F4C31}.Release|x86.ActiveCfg = Release|Win32
		{FD9CC10E-7D5B-459F-9752-B1B55B4F4C31}.Release|x86.Build.0 = Release|Win32
		{21021586-7D7B-45AE-8B31-34C8DA1260CF}.Debug|x64.ActiveCfg = Debug|x64
		{21021586-7D7B-45AE-8B31-34C8DA1260CF}.Debug|x64.Build.0 = Debug|x64
		{21021586-7D7B-45AE-8B31-34C8DA1260CF}.Debug|x86.ActiveCfg = Debug|Win32
		{21021586-7D7B-45AE-8B31-34C8DA1260CF}.Debug|x86.Build.0 = Debug|Win32
		{21021586-7D7B-45AE-8B31-34C8DA1260CF}.Release|x64.ActiveCfg = Release|x64
		{21021586-7D7B-45AE-8B31-34C8DA1260CF}.Release|x64.Build.0 = Release|x64
		{21021586-7D7B-45AE-8B31-34C8DA1260CF}.Release|x86.ActiveCfg = Release|Win32
		{21021586-7D7B-45AE-8B31-34C8DA1260CF}.Release|x86.Build.0 = Release|Win32
		{CFFC6AE4-40FB-4230-A581-BE493BBE2CF7}.Debug|x64.ActiveCfg = Debug|x64
		{CFFC6AE4-40FB-4230-A581-BE493BBE2CF7}.Debug|x64.Build.0 = Debug|x64
		{CFFC6AE4-40FB-4230-A581-BE493BBE2CF7}.Debug|x86.ActiveCfg = Debug|Win32
		{CFFC6AE4-40FB-4230-A581-BE493BBE2CF7}.Debug|x86.Build.0 = Debug|Win32
		{CFFC6AE4-40FB-4230-A581-BE493BBE2CF7}.Release|x64.ActiveCfg = Release|x64
		{CFFC6AE4-40FB-4230-A581-BE493BBE2CF7}.Release|x64.Build.0 = Release|x64
		{CFFC6AE4-40FB-4230-A581-BE493BBE2CF7}.Release|x86.ActiveCfg = Release|Win32
		{CFFC6AE4-40FB-4230-A581-BE493BBE2CF7}.Release|x86.Build.0 = Release|Win32
		{63F5F4DF-A322-40E8-843F-44D2FE743851}.Debug|x64.ActiveCfg = Debug|x64
		{63F5F4DF-A322-40E8-843F-44D2FE743851}.Debug|x64.Build.0 = Debug|x64
		{63F5F4DF-A322-40E8-843F-44D2FE743851}.Debug|x86.ActiveCfg = Debug|Win32
		{63F5F4DF-A322-40E8-843F-44D2FE743851}.Debug|x86.Build.0 = Debug|Win32
		{63F5F4DF-A322-40E8-843F-44D2FE743851}.Release|x64.ActiveCfg = Release|x64
		{63F5F4DF-A322-40E8-843F-44D2FE743851}.Release|x64.Build.0 = Release|x64
		{63F5F4DF-A322-40E8-843F-44D2FE743851}.Release|x86.ActiveCfg = Release|Win32
		{63F5F4DF-A322-40E8-843F-44D2FE743851}.Release|x86.Build.0 = Release|Win32
		{69389B2C-D3A2-4F93-AAEA-31D3224D216D}.Debug|x64.ActiveCfg = Debug|x64
		{69389B2C-D3A2-4F93-AAEA-31D3224D216D}.Debug|x64.Build.0 = Debug|x64
		{69389B2C-D3A2-4F93-AAEA-31D3224D216D}.Debug|x86.ActiveCfg = Debug|Win32
		{69389B2C-D3A2-4F93-AAEA-31D3224D216D}.Debug|x86.Build.0 = Debug|Win32
		{69389B2C-D3A2-4F93-AAEA-31D3224D216D}.Release|x64.ActiveCfg = Release|x64
		{69389B2C-D3A2-4F93-AAEA-31D3224D216D}.Release|x64.Build.0 = Release|x64
		{69389B2C-D3A2-4F93-AAEA-31D3224D216D}.Release|x86.ActiveCfg = Release|Win32
		{69389B2C-D3A2-4F93-AAEA-31D3224D216D}.Release|x86.Build.0 = Release|Win32
		{9F946CF1-E270-4804-9159-C68C4CA922AC}.Debug|x64.ActiveCfg = Debug|x64
		{9F946CF1-E270-4804-9159-C68C4CA922AC}.Debug|x64.Build.0 = Debug|x64
		{9F946CF1-E270-4804-9159-C68C4CA922AC}.Debug|x86.ActiveCfg = Debug|Win32
		{9F946CF1-E270-4804-9159-C68C4CA922AC}.Debug|x86.Build.0 = Debug|Win32
		{9F946CF1-E270-4804-9159-C68C4CA922AC}.Release|x64.ActiveCfg = Release|x64
		{9F946CF1-E270-4804-9159-C68C4CA922AC}.Release|x64.Build.0 = Release|x64
		{9F946CF1-E270-4804-9159-C68C4CA922AC}.Release|x86.ActiveCfg = Release|Win32
		{9F946CF1-E270-4804-9159-C68C4CA922AC}.Release|x86.Build.0 = Release|Win32
		{6257E6CD-7FED-4F2C-BA2E-5A810B7EF2BF}.Debug|x64.ActiveCfg = Debug|x64
		{6257E6CD-7FED-4F2C-BA2E-5A810B7EF2BF}.Debug|x64.Build.0 = Debug|x64
		{6257E6CD-7FED-4F2C-BA2E-5A810B7EF2BF}.Debug|x86.ActiveCfg = Debug|Win32
		{6257E6CD-7FED-4F2C-BA2E-5A810B7EF2BF}.Debug|x86.Build.0 = Debug|Win32
		{6257E6CD-7FED-4F2C-BA2E-5A810B7EF2BF}.Release|x64.ActiveCfg = Release|x64
		{6257E6CD-7FED-4F2C-BA2E-5A810B7EF2BF}.Release|x64.Build.0 = Release|x64
		{6257E6CD-7FED-4F2C-BA2E-5A810B7EF2BF}.Release|x86.ActiveCfg = Release|Win32
		{6257E6CD-7FED-4F2C-BA2E-5A810B7EF2BF}.Release|x86.Build.0 = Release|Win32
		{DDF13B0B-4185-438B-B0AB-C59FD309DB92}.Debug|x64.ActiveCfg = Debug|x64
		{DDF13B0B-4185-438B-B0AB-C59FD309DB92}.Debug|x64.Build.0 = Debug|x64
		{DDF13B0B-4185-438B-B0AB-C59FD309DB92}.Debug|x86.ActiveCfg = Debug|Win32
		{DDF13B0B-4185-438B-B0AB-C59FD309DB92}.Debug|x86.Build.0 = Debug|Win32
		{DDF13B0B-4185-438B-B0AB-C59FD309DB92}.Release|x64.ActiveCfg = Release|x64
		{DDF13B0B-4185-438B-B0AB-C59FD309DB92}.Release|x64.Build.0 = Release|x64
		{DDF13B0B-4185-438B-B0AB-C59FD309DB92}.Release|x86.ActiveCfg = Release|Win32
		{DDF13B0B-4185-438B-B0AB-C59FD309DB92}.Release|x86.Build.0 = Release|Win32
		{ECB39875-6749-462D-8B7F-A9BCE9B21A5E}.Debug|x64.ActiveCfg = Debug|x64
		{ECB39875-6749-462D-8B7F-A9BCE9B21A5E}.Debug|x64.Build.0 = Debug|x64
		{ECB39875-6749-462D-8B7F-A9BCE9B21A5E}.Debug|x86.ActiveCfg = Debug|Win32
		{ECB39875-6749-462D-8B7F-A9BCE9B21A5E}.Debug|x86.Build.0 = Debug|Win32
		{ECB39875-6749-462D-8B7F-A9BCE9B21A5E}.Release|x64.ActiveCfg = Release|x64
		{ECB39875-6749-462D-8B7F-A9BCE9B21A5E}.Release|x64.Build.0 = Release|x64
		{ECB39875-6749-462D-8B7F-A9BCE9B21A5E}.Release|x86.ActiveCfg = Release|Win32
		{ECB39875-6749-462D-8B7F-A9BCE9B21A5E}.Release|x86.Build.0 = Release|Win32
		{FD3BCE81-562F-43E0-BA0B-716351025F44}.Debug|x64.ActiveCfg = Debug|x64
		{FD3BCE81-562F-43E0-BA0B-716351025F44}.Debug|x64.Build.0 = Debug|x64
		{FD3BCE81-562F-43E0-BA0B-716351025F44}.Debug|x86.ActiveCfg = Debug|Win32
		{FD3BCE81-562F-43E0-BA0B-716351025F44}.Debug|x86.Build.0 = Debug|Win32
		{FD3BCE81-562F-43E0-BA0B-716351025F44}.Release|x64.ActiveCfg = Release|x64
		{FD3BCE81-562F-43E0-BA0B-716351025F44}.Release|x64.Build.0 = Release|x64
		{FD3BCE81-562F-43E0-BA0B-716351025F44}.Release|x86.ActiveCfg = Release|Win32
		{FD3BCE81-562F-43E0-BA0B-716351025F44}.Release|x86.Build.0 = Release|Win32
		{3D0034AD-18B9-46D9-9433-3F0ED9E50C86}.Debug|x64.ActiveCfg = Debug|x64
		{3D0034AD-18B9-46D9-9433-3F0ED9E50C86}.Debug|x64.Build.0 = Debug|x64
		{3D0034AD-18B9-46D9-9433-3F0ED9E50C86}.Debug|x86.ActiveCfg = Debug|Win32
		{3D0034AD-18B9-46D9-9433-3F0ED9E50C86}.Debug|x86.Build.0 = Debug|Win32
		{3D0034AD-18B9-46D9-9433-3F0ED9E50C86}.Release|x64.ActiveCfg = Release|x64
		{3D0034AD-18B9-46D9-9433-3F0ED9E50C86}.Release|x64.Build.0 = Release|x64
		{3D0034AD-18B9-46D9-9433-3F0ED9E50C86}.Release|x86.ActiveCfg = Release|Win32
		{3D0034AD-18B9-46D9-9433-3F0ED9E50C86}.Release|x86.Build.0 = Release|Win32
		{013BFA3C-D605-4BD2-9216-6A3F4EA8A518}.Debug|x64.ActiveCfg = Debug|x64
		{013BFA3C-D605-4BD2-9216-6A3F4EA8A518}.Debug|x64.Build.0 = Debug|x64
		{013BFA3C-D605-4BD2-9216-6A3F4EA8A518}.Debug|x86.ActiveCfg = Debug|Win32
		{013BFA3C-D605-4BD2-9216-6A3F4EA8A518}.Debug|x86.Build.0 = Debug|Win32
		{013BFA3C-D605-4BD2-9216-6A3F4EA8A518}.Release|x64.ActiveCfg = Release|x64
		{013BFA3C-D605-4BD2-9216-6A3F4EA8A518}.Release|x64.Build.0 = Release|x64
		{013BFA3C-D605-4BD2-9216-6A3F4EA8A518}.Release|x86.ActiveCfg = Release|Win32
		{013BFA3C-D605-4BD2-9216-6A3F4EA8A518}.Release|x86.Build.0 = Release|Win32
		{898248E2-64F3-490E-949F-6F528CC2897B}.Debug|x64.ActiveCfg = Debug|x64
		{898248E2-64F3-490E-949F-6F528CC2897B}.Debug|x64.Build.0 = Debug|x64
		{898248E2-64F3-490E-949F-6F528CC2897B}.Debug|x86.ActiveCfg = Debug|Win32
		{898248E2-64F3-490E-949F-6F528CC2897B}.Debug|x86.Build.0 = Debug|Win32
		{898248E2-64F3-490E-949F-6F528CC2897B}.Release|x64.ActiveCfg = Release|x64
		{898248E2-64F3-490E-949F-6F528CC2897B}.Release|x64.Build.0 = Release|x64
		{898248E2-64F3-490E-949F-6F528CC2897B}.Release|x86.ActiveCfg = Release|Win32
		{898248E2-64F3-490E-949F-6F528CC2897B}.Release|x86.Build.0 = Release|Win32
	EndGlobalSection
	GlobalSection(SolutionProperties) = preSolution
		HideSolutionNode = FALSE
	EndGlobalSection
	GlobalSection(NestedProjects) = preSolution
		{EA48C589-4ABD-4033-88FB-487BA6826B4F} = {AD98529C-64AC-48D5-A949-8BBF2A218B1A}
		{DA3551C8-C804-4E83-B581-FBF6D072C9B0} = {7ECB1C7D-9B6D-4946-8630-1FDADC0D7341}
		{9C182343-C336-4C54-AC5B-842EFFAE9E1D} = {1A0B269C-715E-4FD2-AF9A-59B321D341DA}
		{C90FB2A9-6D5E-4C62-8CB7-F38B94B4911B} = {1A0B269C-715E-4FD2-AF9A-59B321D341DA}
		{CF48924C-1C53-4209-976C-57C7288EC7F0} = {1A0B269C-715E-4FD2-AF9A-59B321D341DA}
		{0B122B75-8F43-4AB4-940A-494218CA686E} = {9D1B05D3-5206-4172-912C-AAAA9423DEEA}
		{0E22057F-259B-4F9E-97FE-64E6ADE5C670} = {9D1B05D3-5206-4172-912C-AAAA9423DEEA}
		{49DD8FA7-3E47-4747-BD00-4E4C459C1FFC} = {9D1B05D3-5206-4172-912C-AAAA9423DEEA}
		{CA9B0438-FED5-47A4-8F84-AA68CF69E75C} = {2325152B-F8B4-4E14-BB34-BCB42BAE139D}
		{112A8B66-F8D1-4AE3-BC3E-244EBF062018} = {FE7821E7-9C3A-4553-9BAC-81197B88600F}
		{EFA3114F-8B46-4276-AA5C-84E197233058} = {FE7821E7-9C3A-4553-9BAC-81197B88600F}
		{6383D36D-7DB5-42A8-82F2-2B02C8481D14} = {FE7821E7-9C3A-4553-9BAC-81197B88600F}
		{95245B21-3047-49C1-9539-53D057BD50E7} = {FE7821E7-9C3A-4553-9BAC-81197B88600F}
		{41A0B7D0-7AF2-4F4B-B90F-9AA2F940A6E8} = {FE7821E7-9C3A-4553-9BAC-81197B88600F}
		{861A58F5-ED44-4AD3-9736-6F11B7AACECD} = {FE7821E7-9C3A-4553-9BAC-81197B88600F}
		{E82F693C-36C7-4A7D-882D-87D6660E38E2} = {FE7821E7-9C3A-4553-9BAC-81197B88600F}
		{06C34CAB-79C0-459B-A1D3-F09508516F52} = {FE7821E7-9C3A-4553-9BAC-81197B88600F}
		{9FAB595A-7496-4FD2-A95E-B7539ECC913A} = {0AE2623E-D086-4184-8938-C5EFED1EF0F3}
		{FFEB658B-740E-426C-99B1-43363B57ED04} = {0AE2623E-D086-4184-8938-C5EFED1EF0F3}
		{9134D5EE-DFF4-4B37-B8C1-13DD025E310A} = {0AE2623E-D086-4184-8938-C5EFED1EF0F3}
		{ACC780A9-EF0E-4CD3-AF77-95DF775E23E3} = {0AE2623E-D086-4184-8938-C5EFED1EF0F3}
		{48C42A7A-3603-4268-BCEA-97E007F1F301} = {A51A15E9-5166-4E7B-A138-ECA77F7F1FBC}
		{660D82F6-C24E-4A33-ABE6-02BA754E16F4} = {A51A15E9-5166-4E7B-A138-ECA77F7F1FBC}
		{C220AF15-E897-4D44-B038-4C98504BF424} = {A51A15E9-5166-4E7B-A138-ECA77F7F1FBC}
		{B3D8796D-3632-449B-B92A-3CE8421F33FA} = {A51A15E9-5166-4E7B-A138-ECA77F7F1FBC}
		{8C5479ED-9352-4A18-B3F9-539F70AC4586} = {A51A15E9-5166-4E7B-A138-ECA77F7F1FBC}
		{8E4240EB-9644-480F-B254-F2E02D984B4E} = {A51A15E9-5166-4E7B-A138-ECA77F7F1FBC}
		{EFD6EA3C-8C60-4740-80A5-FE8D45238B1B} = {A51A15E9-5166-4E7B-A138-ECA77F7F1FBC}
		{97C988A2-AD37-4B5C-A3A7-1C7617EDC41B} = {A51A15E9-5166-4E7B-A138-ECA77F7F1FBC}
		{10CB9939-92B4-496C-8BD4-D71EBFE1B858} = {E9E779CA-A6C2-441A-89EC-260A48871953}
		{0C92F3C1-421F-44FC-A72A-1C6E9774B00D} = {E9E779CA-A6C2-441A-89EC-260A48871953}
		{D957017F-DFFA-403C-ACFB-D462E5901254} = {B6345CD9-6C4F-42EB-8223-0852ADC3962D}
		{68AFD10F-3BC7-40F3-8354-6D12BD8C54AA} = {B6345CD9-6C4F-42EB-8223-0852ADC3962D}
		{035EBA46-0C1E-4031-A134-377C9093E47E} = {B6345CD9-6C4F-42EB-8223-0852ADC3962D}
		{750924F7-F356-4196-B4C0-5CCBCD209046} = {B6345CD9-6C4F-42EB-8223-0852ADC3962D}
		{FAF94384-3F42-4023-B682-FB6EB0DA221E} = {7005A16D-13BA-4DE4-ABC0-3FF169B21FAB}
		{B3136228-37A3-401E-8F09-EF8C0DF828F4} = {7005A16D-13BA-4DE4-ABC0-3FF169B21FAB}
		{DF23498B-0690-4BA5-AB3A-8849D277C098} = {7005A16D-13BA-4DE4-ABC0-3FF169B21FAB}
		{FD9CC10E-7D5B-459F-9752-B1B55B4F4C31} = {7005A16D-13BA-4DE4-ABC0-3FF169B21FAB}
		{21021586-7D7B-45AE-8B31-34C8DA1260CF} = {7005A16D-13BA-4DE4-ABC0-3FF169B21FAB}
		{CFFC6AE4-40FB-4230-A581-BE493BBE2CF7} = {B8ED2806-1A0D-45F4-8CF5-CC223AEAD271}
		{63F5F4DF-A322-40E8-843F-44D2FE743851} = {B8ED2806-1A0D-45F4-8CF5-CC223AEAD271}
		{69389B2C-D3A2-4F93-AAEA-31D3224D216D} = {B8ED2806-1A0D-45F4-8CF5-CC223AEAD271}
		{9F946CF1-E270-4804-9159-C68C4CA922AC} = {B8ED2806-1A0D-45F4-8CF5-CC223AEAD271}
		{6257E6CD-7FED-4F2C-BA2E-5A810B7EF2BF} = {B8ED2806-1A0D-45F4-8CF5-CC223AEAD271}
		{DDF13B0B-4185-438B-B0AB-C59FD309DB92} = {ADDC21B6-B9B3-4841-9903-E7AA884AEDDB}
		{ECB39875-6749-462D-8B7F-A9BCE9B21A5E} = {ADDC21B6-B9B3-4841-9903-E7AA884AEDDB}
		{FD3BCE81-562F-43E0-BA0B-716351025F44} = {A5E1E7AF-3169-4303-8889-3422449E16DD}
		{3D0034AD-18B9-46D9-9433-3F0ED9E50C86} = {ADDC21B6-B9B3-4841-9903-E7AA884AEDDB}
		{013BFA3C-D605-4BD2-9216-6A3F4EA8A518} = {ADDC21B6-B9B3-4841-9903-E7AA884AEDDB}
		{898248E2-64F3-490E-949F-6F528CC2897B} = {ADDC21B6-B9B3-4841-9903-E7AA884AEDDB}
	EndGlobalSection
	GlobalSection(ExtensibilityGlobals) = postSolution
		SolutionGuid = {C4BB5811-5D5F-4B29-8068-C6F044E8D117}
	EndGlobalSection
EndGlobal
