
Microsoft Visual Studio Solution File, Format Version 12.00
# Visual Studio 14
VisualStudioVersion = 14.0.25420.1
MinimumVisualStudioVersion = 10.0.40219.1
Project("{2150E333-8FDC-42A3-9474-1A3956D46DE8}") = "CH01", "CH01", "{1A0B269C-715E-4FD2-AF9A-59B321D341DA}"
EndProject
Project("{2150E333-8FDC-42A3-9474-1A3956D46DE8}") = "Ch02", "Ch02", "{9D1B05D3-5206-4172-912C-AAAA9423DEEA}"
EndProject
Project("{2150E333-8FDC-42A3-9474-1A3956D46DE8}") = "CH03", "CH03", "{D35ACC23-A107-451C-ABBA-EE36D2E1DBB7}"
EndProject
Project("{2150E333-8FDC-42A3-9474-1A3956D46DE8}") = "CH04", "CH04", "{2325152B-F8B4-4E14-BB34-BCB42BAE139D}"
EndProject
Project("{2150E333-8FDC-42A3-9474-1A3956D46DE8}") = "CH05", "CH05", "{FE7821E7-9C3A-4553-9BAC-81197B88600F}"
EndProject
Project("{2150E333-8FDC-42A3-9474-1A3956D46DE8}") = "CH06", "CH06", "{8606500B-6728-465A-A6D0-A810D4200572}"
EndProject
Project("{2150E333-8FDC-42A3-9474-1A3956D46DE8}") = "CH07", "CH07", "{0AE2623E-D086-4184-8938-C5EFED1EF0F3}"
EndProject
Project("{2150E333-8FDC-42A3-9474-1A3956D46DE8}") = "CH08", "CH08", "{A51A15E9-5166-4E7B-A138-ECA77F7F1FBC}"
EndProject
Project("{2150E333-8FDC-42A3-9474-1A3956D46DE8}") = "CH09", "CH09", "{E9E779CA-A6C2-441A-89EC-260A48871953}"
EndProject
Project("{2150E333-8FDC-42A3-9474-1A3956D46DE8}") = "CH10", "CH10", "{B6345CD9-6C4F-42EB-8223-0852ADC3962D}"
EndProject
Project("{2150E333-8FDC-42A3-9474-1A3956D46DE8}") = "CH11", "CH11", "{7005A16D-13BA-4DE4-ABC0-3FF169B21FAB}"
EndProject
Project("{2150E333-8FDC-42A3-9474-1A3956D46DE8}") = "CH12", "CH12", "{B8ED2806-1A0D-45F4-8CF5-CC223AEAD271}"
EndProject
Project("{2150E333-8FDC-42A3-9474-1A3956D46DE8}") = "CH13", "CH13", "{ADDC21B6-B9B3-4841-9903-E7AA884AEDDB}"
EndProject
Project("{2150E333-8FDC-42A3-9474-1A3956D46DE8}") = "Ch14", "Ch14", "{A5E1E7AF-3169-4303-8889-3422449E16DD}"
EndProject
Project("{2150E333-8FDC-42A3-9474-1A3956D46DE8}") = "Ch15", "Ch15", "{F63A252F-9108-40D2-BB25-7FACE3D8EAD7}"
EndProject
Project("{2150E333-8FDC-42A3-9474-1A3956D46DE8}") = "CH16", "CH16", "{DFB4FC6D-21C8-45C4-88EF-87B8B1B8AF21}"
EndProject
Project("{2150E333-8FDC-42A3-9474-1A3956D46DE8}") = "CH17", "CH17", "{E9474810-F92F-43DA-B820-5D32B4D3DC7B}"
EndProject
Project("{2150E333-8FDC-42A3-9474-1A3956D46DE8}") = "CH18", "CH18", "{58EC160D-B9D2-4F86-B0BF-21E7701E2D3B}"
EndProject
Project("{2150E333-8FDC-42A3-9474-1A3956D46DE8}") = "CH19", "CH19", "{21A9EC84-BCA3-44EE-B7D8-681B988543C2}"
EndProject
Project("{2150E333-8FDC-42A3-9474-1A3956D46DE8}") = "CH20", "CH20", "{E85131A4-086A-4AA0-8184-63B7A3CB81CF}"
EndProject
Project("{2150E333-8FDC-42A3-9474-1A3956D46DE8}") = "Ch21", "Ch21", "{F2FC4CE4-80BD-40AC-B927-F7BEF271A2FD}"
EndProject
Project("{2150E333-8FDC-42A3-9474-1A3956D46DE8}") = "CH22", "CH22", "{486429DE-6F85-4E04-96B2-CC89B0781263}"
EndProject
Project("{2150E333-8FDC-42A3-9474-1A3956D46DE8}") = "CH23", "CH23", "{3A361B0A-AF84-4D45-8587-4EF370223C40}"
EndProject
Project("{2150E333-8FDC-42A3-9474-1A3956D46DE8}") = "CH24", "CH24", "{55EBF4C8-FA96-42D2-A0CE-C0ED40D3AFB8}"
EndProject
Project("{2150E333-8FDC-42A3-9474-1A3956D46DE8}") = "CH25", "CH25", "{26C9787C-7935-4B6F-AAA5-1B0949D2D20C}"
EndProject
Project("{2150E333-8FDC-42A3-9474-1A3956D46DE8}") = "AppendixA", "AppendixA", "{AD98529C-64AC-48D5-A949-8BBF2A218B1A}"
EndProject
Project("{8BC9CEB8-8B4A-11D0-8D11-00A0C91BC942}") = "Common", "Common\Common.vcxproj", "{F8363D07-7118-47A0-B6E9-87EF65D33485}"
EndProject
Project("{8BC9CEB8-8B4A-11D0-8D11-00A0C91BC942}") = "Win32Basic", "Source\Win32Basic\Win32Basic.vcxproj", "{EA48C589-4ABD-4033-88FB-487BA6826B4F}"
	ProjectSection(ProjectDependencies) = postProject
		{F8363D07-7118-47A0-B6E9-87EF65D33485} = {F8363D07-7118-47A0-B6E9-87EF65D33485}
	EndProjectSection
EndProject
Project("{8BC9CEB8-8B4A-11D0-8D11-00A0C91BC942}") = "EX19", "Source\EX19\EX19.vcxproj", "{9C182343-C336-4C54-AC5B-842EFFAE9E1D}"
	ProjectSection(ProjectDependencies) = postProject
		{F8363D07-7118-47A0-B6E9-87EF65D33485} = {F8363D07-7118-47A0-B6E9-87EF65D33485}
	EndProjectSection
EndProject
Project("{8BC9CEB8-8B4A-11D0-8D11-00A0C91BC942}") = "FloatingPointExample", "Source\FloatingPointExample\FloatingPointExample.vcxproj", "{C90FB2A9-6D5E-4C62-8CB7-F38B94B4911B}"
	ProjectSection(ProjectDependencies) = postProject
		{F8363D07-7118-47A0-B6E9-87EF65D33485} = {F8363D07-7118-47A0-B6E9-87EF65D33485}
	EndProjectSection
EndProject
Project("{8BC9CEB8-8B4A-11D0-8D11-00A0C91BC942}") = "VectorMathExample", "Source\VectorMathExample\VectorMathExample.vcxproj", "{CF48924C-1C53-4209-976C-57C7288EC7F0}"
	ProjectSection(ProjectDependencies) = postProject
		{F8363D07-7118-47A0-B6E9-87EF65D33485} = {F8363D07-7118-47A0-B6E9-87EF65D33485}
	EndProjectSection
EndProject
Project("{8BC9CEB8-8B4A-11D0-8D11-00A0C91BC942}") = "Inverse4x4", "Source\Inverse4x4\Inverse4x4.vcxproj", "{0B122B75-8F43-4AB4-940A-494218CA686E}"
	ProjectSection(ProjectDependencies) = postProject
		{F8363D07-7118-47A0-B6E9-87EF65D33485} = {F8363D07-7118-47A0-B6E9-87EF65D33485}
	EndProjectSection
EndProject
Project("{8BC9CEB8-8B4A-11D0-8D11-00A0C91BC942}") = "MatrixMathExample", "Source\MatrixMathExample\MatrixMathExample.vcxproj", "{0E22057F-259B-4F9E-97FE-64E6ADE5C670}"
	ProjectSection(ProjectDependencies) = postProject
		{F8363D07-7118-47A0-B6E9-87EF65D33485} = {F8363D07-7118-47A0-B6E9-87EF65D33485}
	EndProjectSection
EndProject
Project("{8BC9CEB8-8B4A-11D0-8D11-00A0C91BC942}") = "Transpose", "Source\Transpose\Transpose.vcxproj", "{49DD8FA7-3E47-4747-BD00-4E4C459C1FFC}"
	ProjectSection(ProjectDependencies) = postProject
		{F8363D07-7118-47A0-B6E9-87EF65D33485} = {F8363D07-7118-47A0-B6E9-87EF65D33485}
	EndProjectSection
EndProject
Project("{8BC9CEB8-8B4A-11D0-8D11-00A0C91BC942}") = "InitDirect3DApp", "Source\InitDirect3DApp\InitDirect3DApp.vcxproj", "{CA9B0438-FED5-47A4-8F84-AA68CF69E75C}"
EndProject
Project("{8BC9CEB8-8B4A-11D0-8D11-00A0C91BC942}") = "Box", "Source\Box\Box.vcxproj", "{112A8B66-F8D1-4AE3-BC3E-244EBF062018}"
	ProjectSection(ProjectDependencies) = postProject
		{F8363D07-7118-47A0-B6E9-87EF65D33485} = {F8363D07-7118-47A0-B6E9-87EF65D33485}
	EndProjectSection
EndProject
Project("{8BC9CEB8-8B4A-11D0-8D11-00A0C91BC942}") = "Hills", "Source\Hills\Hills.vcxproj", "{6383D36D-7DB5-42A8-82F2-2B02C8481D14}"
	ProjectSection(ProjectDependencies) = postProject
		{F8363D07-7118-47A0-B6E9-87EF65D33485} = {F8363D07-7118-47A0-B6E9-87EF65D33485}
	EndProjectSection
EndProject
Project("{8BC9CEB8-8B4A-11D0-8D11-00A0C91BC942}") = "Shapes", "Source\Shapes\Shapes.vcxproj", "{41A0B7D0-7AF2-4F4B-B90F-9AA2F940A6E8}"
	ProjectSection(ProjectDependencies) = postProject
		{F8363D07-7118-47A0-B6E9-87EF65D33485} = {F8363D07-7118-47A0-B6E9-87EF65D33485}
	EndProjectSection
EndProject
Project("{8BC9CEB8-8B4A-11D0-8D11-00A0C91BC942}") = "Skull", "Source\Skull\Skull.vcxproj", "{E82F693C-36C7-4A7D-882D-87D6660E38E2}"
	ProjectSection(ProjectDependencies) = postProject
		{F8363D07-7118-47A0-B6E9-87EF65D33485} = {F8363D07-7118-47A0-B6E9-87EF65D33485}
	EndProjectSection
EndProject
Project("{8BC9CEB8-8B4A-11D0-8D11-00A0C91BC942}") = "WavesDemo", "Source\WavesDemo\WavesDemo.vcxproj", "{06C34CAB-79C0-459B-A1D3-F09508516F52}"
	ProjectSection(ProjectDependencies) = postProject
		{F8363D07-7118-47A0-B6E9-87EF65D33485} = {F8363D07-7118-47A0-B6E9-87EF65D33485}
	EndProjectSection
EndProject
Project("{2150E333-8FDC-42A3-9474-1A3956D46DE8}") = "Shaders", "Shaders", "{61B64C89-82E2-40E8-A696-C47E9604C231}"
	ProjectSection(SolutionItems) = preProject
		Shaders\BasicEffect.hlsl = Shaders\BasicEffect.hlsl
		Shaders\BasicLighting.hlsl = Shaders\BasicLighting.hlsl
		Shaders\BasicTexture.hlsl = Shaders\BasicTexture.hlsl
		Shaders\colorPS.hlsl = Shaders\colorPS.hlsl
		Shaders\colorVS.hlsl = Shaders\colorVS.hlsl
		Shaders\flubberCubeVS.hlsl = Shaders\flubberCubeVS.hlsl
		Shaders\LightHelper.hlsl = Shaders\LightHelper.hlsl
		Shaders\ToonLighting.hlsl = Shaders\ToonLighting.hlsl
	EndProjectSection
EndProject
Project("{8BC9CEB8-8B4A-11D0-8D11-00A0C91BC942}") = "BoxMod", "Source\BoxMod\BoxMod.vcxproj", "{EFA3114F-8B46-4276-AA5C-84E197233058}"
	ProjectSection(ProjectDependencies) = postProject
		{F8363D07-7118-47A0-B6E9-87EF65D33485} = {F8363D07-7118-47A0-B6E9-87EF65D33485}
	EndProjectSection
EndProject
Project("{8BC9CEB8-8B4A-11D0-8D11-00A0C91BC942}") = "PyramidAndBox", "Source\PyramidAndBox\PyramidAndBox.vcxproj", "{95245B21-3047-49C1-9539-53D057BD50E7}"
	ProjectSection(ProjectDependencies) = postProject
		{F8363D07-7118-47A0-B6E9-87EF65D33485} = {F8363D07-7118-47A0-B6E9-87EF65D33485}
	EndProjectSection
EndProject
Project("{8BC9CEB8-8B4A-11D0-8D11-00A0C91BC942}") = "ShapesMod", "Source\ShapesMod\ShapesMod.vcxproj", "{861A58F5-ED44-4AD3-9736-6F11B7AACECD}"
	ProjectSection(ProjectDependencies) = postProject
		{F8363D07-7118-47A0-B6E9-87EF65D33485} = {F8363D07-7118-47A0-B6E9-87EF65D33485}
	EndProjectSection
EndProject
Project("{8BC9CEB8-8B4A-11D0-8D11-00A0C91BC942}") = "LitWaves", "Source\LitWaves\LitWaves.vcxproj", "{FFEB658B-740E-426C-99B1-43363B57ED04}"
	ProjectSection(ProjectDependencies) = postProject
		{F8363D07-7118-47A0-B6E9-87EF65D33485} = {F8363D07-7118-47A0-B6E9-87EF65D33485}
	EndProjectSection
EndProject
Project("{8BC9CEB8-8B4A-11D0-8D11-00A0C91BC942}") = "LitSkull", "Source\LitSkull\LitSkull.vcxproj", "{9FAB595A-7496-4FD2-A95E-B7539ECC913A}"
	ProjectSection(ProjectDependencies) = postProject
		{F8363D07-7118-47A0-B6E9-87EF65D33485} = {F8363D07-7118-47A0-B6E9-87EF65D33485}
	EndProjectSection
EndProject
Project("{8BC9CEB8-8B4A-11D0-8D11-00A0C91BC942}") = "LitWavesMod", "Source\LitWavesMod\LitWavesMod.vcxproj", "{9134D5EE-DFF4-4B37-B8C1-13DD025E310A}"
EndProject
Project("{8BC9CEB8-8B4A-11D0-8D11-00A0C91BC942}") = "ToonWaves", "Source\ToonWaves\ToonWaves.vcxproj", "{ACC780A9-EF0E-4CD3-AF77-95DF775E23E3}"
EndProject
Project("{8BC9CEB8-8B4A-11D0-8D11-00A0C91BC942}") = "Crate", "Source\Crate\Crate.vcxproj", "{48C42A7A-3603-4268-BCEA-97E007F1F301}"
	ProjectSection(ProjectDependencies) = postProject
		{F8363D07-7118-47A0-B6E9-87EF65D33485} = {F8363D07-7118-47A0-B6E9-87EF65D33485}
	EndProjectSection
EndProject
Project("{8BC9CEB8-8B4A-11D0-8D11-00A0C91BC942}") = "WrapCrates", "Source\WrapCrates\WrapCrates.vcxproj", "{97C988A2-AD37-4B5C-A3A7-1C7617EDC41B}"
EndProject
Project("{8BC9CEB8-8B4A-11D0-8D11-00A0C91BC942}") = "FilterCrates", "Source\FilterCrates\FilterCrates.vcxproj", "{660D82F6-C24E-4A33-ABE6-02BA754E16F4}"
EndProject
Project("{8BC9CEB8-8B4A-11D0-8D11-00A0C91BC942}") = "TextureWaves", "Source\TextureWaves\TextureWaves.vcxproj", "{EFD6EA3C-8C60-4740-80A5-FE8D45238B1B}"
EndProject
Global
	GlobalSection(SolutionConfigurationPlatforms) = preSolution
		Debug|x64 = Debug|x64
		Debug|x86 = Debug|x86
		Release|x64 = Release|x64
		Release|x86 = Release|x86
	EndGlobalSection
	GlobalSection(ProjectConfigurationPlatforms) = postSolution
		{F8363D07-7118-47A0-B6E9-87EF65D33485}.Debug|x64.ActiveCfg = Debug|x64
		{F8363D07-7118-47A0-B6E9-87EF65D33485}.Debug|x64.Build.0 = Debug|x64
		{F8363D07-7118-47A0-B6E9-87EF65D33485}.Debug|x86.ActiveCfg = Debug|Win32
		{F8363D07-7118-47A0-B6E9-87EF65D33485}.Debug|x86.Build.0 = Debug|Win32
		{F8363D07-7118-47A0-B6E9-87EF65D33485}.Release|x64.ActiveCfg = Release|x64
		{F8363D07-7118-47A0-B6E9-87EF65D33485}.Release|x64.Build.0 = Release|x64
		{F8363D07-7118-47A0-B6E9-87EF65D33485}.Release|x86.ActiveCfg = Release|Win32
		{F8363D07-7118-47A0-B6E9-87EF65D33485}.Release|x86.Build.0 = Release|Win32
		{EA48C589-4ABD-4033-88FB-487BA6826B4F}.Debug|x64.ActiveCfg = Debug|x64
		{EA48C589-4ABD-4033-88FB-487BA6826B4F}.Debug|x64.Build.0 = Debug|x64
		{EA48C589-4ABD-4033-88FB-487BA6826B4F}.Debug|x86.ActiveCfg = Debug|Win32
		{EA48C589-4ABD-4033-88FB-487BA6826B4F}.Debug|x86.Build.0 = Debug|Win32
		{EA48C589-4ABD-4033-88FB-487BA6826B4F}.Release|x64.ActiveCfg = Release|x64
		{EA48C589-4ABD-4033-88FB-487BA6826B4F}.Release|x64.Build.0 = Release|x64
		{EA48C589-4ABD-4033-88FB-487BA6826B4F}.Release|x86.ActiveCfg = Release|Win32
		{EA48C589-4ABD-4033-88FB-487BA6826B4F}.Release|x86.Build.0 = Release|Win32
		{9C182343-C336-4C54-AC5B-842EFFAE9E1D}.Debug|x64.ActiveCfg = Debug|x64
		{9C182343-C336-4C54-AC5B-842EFFAE9E1D}.Debug|x64.Build.0 = Debug|x64
		{9C182343-C336-4C54-AC5B-842EFFAE9E1D}.Debug|x86.ActiveCfg = Debug|Win32
		{9C182343-C336-4C54-AC5B-842EFFAE9E1D}.Debug|x86.Build.0 = Debug|Win32
		{9C182343-C336-4C54-AC5B-842EFFAE9E1D}.Release|x64.ActiveCfg = Release|x64
		{9C182343-C336-4C54-AC5B-842EFFAE9E1D}.Release|x64.Build.0 = Release|x64
		{9C182343-C336-4C54-AC5B-842EFFAE9E1D}.Release|x86.ActiveCfg = Release|Win32
		{9C182343-C336-4C54-AC5B-842EFFAE9E1D}.Release|x86.Build.0 = Release|Win32
		{C90FB2A9-6D5E-4C62-8CB7-F38B94B4911B}.Debug|x64.ActiveCfg = Debug|x64
		{C90FB2A9-6D5E-4C62-8CB7-F38B94B4911B}.Debug|x64.Build.0 = Debug|x64
		{C90FB2A9-6D5E-4C62-8CB7-F38B94B4911B}.Debug|x86.ActiveCfg = Debug|Win32
		{C90FB2A9-6D5E-4C62-8CB7-F38B94B4911B}.Debug|x86.Build.0 = Debug|Win32
		{C90FB2A9-6D5E-4C62-8CB7-F38B94B4911B}.Release|x64.ActiveCfg = Release|x64
		{C90FB2A9-6D5E-4C62-8CB7-F38B94B4911B}.Release|x64.Build.0 = Release|x64
		{C90FB2A9-6D5E-4C62-8CB7-F38B94B4911B}.Release|x86.ActiveCfg = Release|Win32
		{C90FB2A9-6D5E-4C62-8CB7-F38B94B4911B}.Release|x86.Build.0 = Release|Win32
		{CF48924C-1C53-4209-976C-57C7288EC7F0}.Debug|x64.ActiveCfg = Debug|x64
		{CF48924C-1C53-4209-976C-57C7288EC7F0}.Debug|x64.Build.0 = Debug|x64
		{CF48924C-1C53-4209-976C-57C7288EC7F0}.Debug|x86.ActiveCfg = Debug|Win32
		{CF48924C-1C53-4209-976C-57C7288EC7F0}.Debug|x86.Build.0 = Debug|Win32
		{CF48924C-1C53-4209-976C-57C7288EC7F0}.Release|x64.ActiveCfg = Release|x64
		{CF48924C-1C53-4209-976C-57C7288EC7F0}.Release|x64.Build.0 = Release|x64
		{CF48924C-1C53-4209-976C-57C7288EC7F0}.Release|x86.ActiveCfg = Release|Win32
		{CF48924C-1C53-4209-976C-57C7288EC7F0}.Release|x86.Build.0 = Release|Win32
		{0B122B75-8F43-4AB4-940A-494218CA686E}.Debug|x64.ActiveCfg = Debug|x64
		{0B122B75-8F43-4AB4-940A-494218CA686E}.Debug|x64.Build.0 = Debug|x64
		{0B122B75-8F43-4AB4-940A-494218CA686E}.Debug|x86.ActiveCfg = Debug|Win32
		{0B122B75-8F43-4AB4-940A-494218CA686E}.Debug|x86.Build.0 = Debug|Win32
		{0B122B75-8F43-4AB4-940A-494218CA686E}.Release|x64.ActiveCfg = Release|x64
		{0B122B75-8F43-4AB4-940A-494218CA686E}.Release|x64.Build.0 = Release|x64
		{0B122B75-8F43-4AB4-940A-494218CA686E}.Release|x86.ActiveCfg = Release|Win32
		{0B122B75-8F43-4AB4-940A-494218CA686E}.Release|x86.Build.0 = Release|Win32
		{0E22057F-259B-4F9E-97FE-64E6ADE5C670}.Debug|x64.ActiveCfg = Debug|x64
		{0E22057F-259B-4F9E-97FE-64E6ADE5C670}.Debug|x64.Build.0 = Debug|x64
		{0E22057F-259B-4F9E-97FE-64E6ADE5C670}.Debug|x86.ActiveCfg = Debug|Win32
		{0E22057F-259B-4F9E-97FE-64E6ADE5C670}.Debug|x86.Build.0 = Debug|Win32
		{0E22057F-259B-4F9E-97FE-64E6ADE5C670}.Release|x64.ActiveCfg = Release|x64
		{0E22057F-259B-4F9E-97FE-64E6ADE5C670}.Release|x64.Build.0 = Release|x64
		{0E22057F-259B-4F9E-97FE-64E6ADE5C670}.Release|x86.ActiveCfg = Release|Win32
		{0E22057F-259B-4F9E-97FE-64E6ADE5C670}.Release|x86.Build.0 = Release|Win32
		{49DD8FA7-3E47-4747-BD00-4E4C459C1FFC}.Debug|x64.ActiveCfg = Debug|x64
		{49DD8FA7-3E47-4747-BD00-4E4C459C1FFC}.Debug|x64.Build.0 = Debug|x64
		{49DD8FA7-3E47-4747-BD00-4E4C459C1FFC}.Debug|x86.ActiveCfg = Debug|Win32
		{49DD8FA7-3E47-4747-BD00-4E4C459C1FFC}.Debug|x86.Build.0 = Debug|Win32
		{49DD8FA7-3E47-4747-BD00-4E4C459C1FFC}.Release|x64.ActiveCfg = Release|x64
		{49DD8FA7-3E47-4747-BD00-4E4C459C1FFC}.Release|x64.Build.0 = Release|x64
		{49DD8FA7-3E47-4747-BD00-4E4C459C1FFC}.Release|x86.ActiveCfg = Release|Win32
		{49DD8FA7-3E47-4747-BD00-4E4C459C1FFC}.Release|x86.Build.0 = Release|Win32
		{CA9B0438-FED5-47A4-8F84-AA68CF69E75C}.Debug|x64.ActiveCfg = Debug|x64
		{CA9B0438-FED5-47A4-8F84-AA68CF69E75C}.Debug|x64.Build.0 = Debug|x64
		{CA9B0438-FED5-47A4-8F84-AA68CF69E75C}.Debug|x86.ActiveCfg = Debug|Win32
		{CA9B0438-FED5-47A4-8F84-AA68CF69E75C}.Debug|x86.Build.0 = Debug|Win32
		{CA9B0438-FED5-47A4-8F84-AA68CF69E75C}.Release|x64.ActiveCfg = Release|x64
		{CA9B0438-FED5-47A4-8F84-AA68CF69E75C}.Release|x64.Build.0 = Release|x64
		{CA9B0438-FED5-47A4-8F84-AA68CF69E75C}.Release|x86.ActiveCfg = Release|Win32
		{CA9B0438-FED5-47A4-8F84-AA68CF69E75C}.Release|x86.Build.0 = Release|Win32
		{112A8B66-F8D1-4AE3-BC3E-244EBF062018}.Debug|x64.ActiveCfg = Debug|x64
		{112A8B66-F8D1-4AE3-BC3E-244EBF062018}.Debug|x64.Build.0 = Debug|x64
		{112A8B66-F8D1-4AE3-BC3E-244EBF062018}.Debug|x86.ActiveCfg = Debug|Win32
		{112A8B66-F8D1-4AE3-BC3E-244EBF062018}.Debug|x86.Build.0 = Debug|Win32
		{112A8B66-F8D1-4AE3-BC3E-244EBF062018}.Release|x64.ActiveCfg = Release|x64
		{112A8B66-F8D1-4AE3-BC3E-244EBF062018}.Release|x64.Build.0 = Release|x64
		{112A8B66-F8D1-4AE3-BC3E-244EBF062018}.Release|x86.ActiveCfg = Release|Win32
		{112A8B66-F8D1-4AE3-BC3E-244EBF062018}.Release|x86.Build.0 = Release|Win32
		{6383D36D-7DB5-42A8-82F2-2B02C8481D14}.Debug|x64.ActiveCfg = Debug|x64
		{6383D36D-7DB5-42A8-82F2-2B02C8481D14}.Debug|x64.Build.0 = Debug|x64
		{6383D36D-7DB5-42A8-82F2-2B02C8481D14}.Debug|x86.ActiveCfg = Debug|Win32
		{6383D36D-7DB5-42A8-82F2-2B02C8481D14}.Debug|x86.Build.0 = Debug|Win32
		{6383D36D-7DB5-42A8-82F2-2B02C8481D14}.Release|x64.ActiveCfg = Release|x64
		{6383D36D-7DB5-42A8-82F2-2B02C8481D14}.Release|x64.Build.0 = Release|x64
		{6383D36D-7DB5-42A8-82F2-2B02C8481D14}.Release|x86.ActiveCfg = Release|Win32
		{6383D36D-7DB5-42A8-82F2-2B02C8481D14}.Release|x86.Build.0 = Release|Win32
		{41A0B7D0-7AF2-4F4B-B90F-9AA2F940A6E8}.Debug|x64.ActiveCfg = Debug|x64
		{41A0B7D0-7AF2-4F4B-B90F-9AA2F940A6E8}.Debug|x64.Build.0 = Debug|x64
		{41A0B7D0-7AF2-4F4B-B90F-9AA2F940A6E8}.Debug|x86.ActiveCfg = Debug|Win32
		{41A0B7D0-7AF2-4F4B-B90F-9AA2F940A6E8}.Debug|x86.Build.0 = Debug|Win32
		{41A0B7D0-7AF2-4F4B-B90F-9AA2F940A6E8}.Release|x64.ActiveCfg = Release|x64
		{41A0B7D0-7AF2-4F4B-B90F-9AA2F940A6E8}.Release|x64.Build.0 = Release|x64
		{41A0B7D0-7AF2-4F4B-B90F-9AA2F940A6E8}.Release|x86.ActiveCfg = Release|Win32
		{41A0B7D0-7AF2-4F4B-B90F-9AA2F940A6E8}.Release|x86.Build.0 = Release|Win32
		{E82F693C-36C7-4A7D-882D-87D6660E38E2}.Debug|x64.ActiveCfg = Debug|x64
		{E82F693C-36C7-4A7D-882D-87D6660E38E2}.Debug|x64.Build.0 = Debug|x64
		{E82F693C-36C7-4A7D-882D-87D6660E38E2}.Debug|x86.ActiveCfg = Debug|Win32
		{E82F693C-36C7-4A7D-882D-87D6660E38E2}.Debug|x86.Build.0 = Debug|Win32
		{E82F693C-36C7-4A7D-882D-87D6660E38E2}.Release|x64.ActiveCfg = Release|x64
		{E82F693C-36C7-4A7D-882D-87D6660E38E2}.Release|x64.Build.0 = Release|x64
		{E82F693C-36C7-4A7D-882D-87D6660E38E2}.Release|x86.ActiveCfg = Release|Win32
		{E82F693C-36C7-4A7D-882D-87D6660E38E2}.Release|x86.Build.0 = Release|Win32
		{06C34CAB-79C0-459B-A1D3-F09508516F52}.Debug|x64.ActiveCfg = Debug|x64
		{06C34CAB-79C0-459B-A1D3-F09508516F52}.Debug|x64.Build.0 = Debug|x64
		{06C34CAB-79C0-459B-A1D3-F09508516F52}.Debug|x86.ActiveCfg = Debug|Win32
		{06C34CAB-79C0-459B-A1D3-F09508516F52}.Debug|x86.Build.0 = Debug|Win32
		{06C34CAB-79C0-459B-A1D3-F09508516F52}.Release|x64.ActiveCfg = Release|x64
		{06C34CAB-79C0-459B-A1D3-F09508516F52}.Release|x64.Build.0 = Release|x64
		{06C34CAB-79C0-459B-A1D3-F09508516F52}.Release|x86.ActiveCfg = Release|Win32
		{06C34CAB-79C0-459B-A1D3-F09508516F52}.Release|x86.Build.0 = Release|Win32
		{EFA3114F-8B46-4276-AA5C-84E197233058}.Debug|x64.ActiveCfg = Debug|x64
		{EFA3114F-8B46-4276-AA5C-84E197233058}.Debug|x64.Build.0 = Debug|x64
		{EFA3114F-8B46-4276-AA5C-84E197233058}.Debug|x86.ActiveCfg = Debug|Win32
		{EFA3114F-8B46-4276-AA5C-84E197233058}.Debug|x86.Build.0 = Debug|Win32
		{EFA3114F-8B46-4276-AA5C-84E197233058}.Release|x64.ActiveCfg = Release|x64
		{EFA3114F-8B46-4276-AA5C-84E197233058}.Release|x64.Build.0 = Release|x64
		{EFA3114F-8B46-4276-AA5C-84E197233058}.Release|x86.ActiveCfg = Release|Win32
		{EFA3114F-8B46-4276-AA5C-84E197233058}.Release|x86.Build.0 = Release|Win32
		{95245B21-3047-49C1-9539-53D057BD50E7}.Debug|x64.ActiveCfg = Debug|x64
		{95245B21-3047-49C1-9539-53D057BD50E7}.Debug|x64.Build.0 = Debug|x64
		{95245B21-3047-49C1-9539-53D057BD50E7}.Debug|x86.ActiveCfg = Debug|Win32
		{95245B21-3047-49C1-9539-53D057BD50E7}.Debug|x86.Build.0 = Debug|Win32
		{95245B21-3047-49C1-9539-53D057BD50E7}.Release|x64.ActiveCfg = Release|x64
		{95245B21-3047-49C1-9539-53D057BD50E7}.Release|x64.Build.0 = Release|x64
		{95245B21-3047-49C1-9539-53D057BD50E7}.Release|x86.ActiveCfg = Release|Win32
		{95245B21-3047-49C1-9539-53D057BD50E7}.Release|x86.Build.0 = Release|Win32
		{861A58F5-ED44-4AD3-9736-6F11B7AACECD}.Debug|x64.ActiveCfg = Debug|x64
		{861A58F5-ED44-4AD3-9736-6F11B7AACECD}.Debug|x64.Build.0 = Debug|x64
		{861A58F5-ED44-4AD3-9736-6F11B7AACECD}.Debug|x86.ActiveCfg = Debug|Win32
		{861A58F5-ED44-4AD3-9736-6F11B7AACECD}.Debug|x86.Build.0 = Debug|Win32
		{861A58F5-ED44-4AD3-9736-6F11B7AACECD}.Release|x64.ActiveCfg = Release|x64
		{861A58F5-ED44-4AD3-9736-6F11B7AACECD}.Release|x64.Build.0 = Release|x64
		{861A58F5-ED44-4AD3-9736-6F11B7AACECD}.Release|x86.ActiveCfg = Release|Win32
		{861A58F5-ED44-4AD3-9736-6F11B7AACECD}.Release|x86.Build.0 = Release|Win32
		{FFEB658B-740E-426C-99B1-43363B57ED04}.Debug|x64.ActiveCfg = Debug|x64
		{FFEB658B-740E-426C-99B1-43363B57ED04}.Debug|x64.Build.0 = Debug|x64
		{FFEB658B-740E-426C-99B1-43363B57ED04}.Debug|x86.ActiveCfg = Debug|Win32
		{FFEB658B-740E-426C-99B1-43363B57ED04}.Debug|x86.Build.0 = Debug|Win32
		{FFEB658B-740E-426C-99B1-43363B57ED04}.Release|x64.ActiveCfg = Release|x64
		{FFEB658B-740E-426C-99B1-43363B57ED04}.Release|x64.Build.0 = Release|x64
		{FFEB658B-740E-426C-99B1-43363B57ED04}.Release|x86.ActiveCfg = Release|Win32
		{FFEB658B-740E-426C-99B1-43363B57ED04}.Release|x86.Build.0 = Release|Win32
		{9FAB595A-7496-4FD2-A95E-B7539ECC913A}.Debug|x64.ActiveCfg = Debug|x64
		{9FAB595A-7496-4FD2-A95E-B7539ECC913A}.Debug|x64.Build.0 = Debug|x64
		{9FAB595A-7496-4FD2-A95E-B7539ECC913A}.Debug|x86.ActiveCfg = Debug|Win32
		{9FAB595A-7496-4FD2-A95E-B7539ECC913A}.Debug|x86.Build.0 = Debug|Win32
		{9FAB595A-7496-4FD2-A95E-B7539ECC913A}.Release|x64.ActiveCfg = Release|x64
		{9FAB595A-7496-4FD2-A95E-B7539ECC913A}.Release|x64.Build.0 = Release|x64
		{9FAB595A-7496-4FD2-A95E-B7539ECC913A}.Release|x86.ActiveCfg = Release|Win32
		{9FAB595A-7496-4FD2-A95E-B7539ECC913A}.Release|x86.Build.0 = Release|Win32
		{9134D5EE-DFF4-4B37-B8C1-13DD025E310A}.Debug|x64.ActiveCfg = Debug|x64
		{9134D5EE-DFF4-4B37-B8C1-13DD025E310A}.Debug|x64.Build.0 = Debug|x64
		{9134D5EE-DFF4-4B37-B8C1-13DD025E310A}.Debug|x86.ActiveCfg = Debug|Win32
		{9134D5EE-DFF4-4B37-B8C1-13DD025E310A}.Debug|x86.Build.0 = Debug|Win32
		{9134D5EE-DFF4-4B37-B8C1-13DD025E310A}.Release|x64.ActiveCfg = Release|x64
		{9134D5EE-DFF4-4B37-B8C1-13DD025E310A}.Release|x64.Build.0 = Release|x64
		{9134D5EE-DFF4-4B37-B8C1-13DD025E310A}.Release|x86.ActiveCfg = Release|Win32
		{9134D5EE-DFF4-4B37-B8C1-13DD025E310A}.Release|x86.Build.0 = Release|Win32
		{ACC780A9-EF0E-4CD3-AF77-95DF775E23E3}.Debug|x64.ActiveCfg = Debug|x64
		{ACC780A9-EF0E-4CD3-AF77-95DF775E23E3}.Debug|x64.Build.0 = Debug|x64
		{ACC780A9-EF0E-4CD3-AF77-95DF775E23E3}.Debug|x86.ActiveCfg = Debug|Win32
		{ACC780A9-EF0E-4CD3-AF77-95DF775E23E3}.Debug|x86.Build.0 = Debug|Win32
		{ACC780A9-EF0E-4CD3-AF77-95DF775E23E3}.Release|x64.ActiveCfg = Release|x64
		{ACC780A9-EF0E-4CD3-AF77-95DF775E23E3}.Release|x64.Build.0 = Release|x64
		{ACC780A9-EF0E-4CD3-AF77-95DF775E23E3}.Release|x86.ActiveCfg = Release|Win32
		{ACC780A9-EF0E-4CD3-AF77-95DF775E23E3}.Release|x86.Build.0 = Release|Win32
		{48C42A7A-3603-4268-BCEA-97E007F1F301}.Debug|x64.ActiveCfg = Debug|x64
		{48C42A7A-3603-4268-BCEA-97E007F1F301}.Debug|x64.Build.0 = Debug|x64
		{48C42A7A-3603-4268-BCEA-97E007F1F301}.Debug|x86.ActiveCfg = Debug|Win32
		{48C42A7A-3603-4268-BCEA-97E007F1F301}.Debug|x86.Build.0 = Debug|Win32
		{48C42A7A-3603-4268-BCEA-97E007F1F301}.Release|x64.ActiveCfg = Release|x64
		{48C42A7A-3603-4268-BCEA-97E007F1F301}.Release|x64.Build.0 = Release|x64
		{48C42A7A-3603-4268-BCEA-97E007F1F301}.Release|x86.ActiveCfg = Release|Win32
		{48C42A7A-3603-4268-BCEA-97E007F1F301}.Release|x86.Build.0 = Release|Win32
		{97C988A2-AD37-4B5C-A3A7-1C7617EDC41B}.Debug|x64.ActiveCfg = Debug|x64
		{97C988A2-AD37-4B5C-A3A7-1C7617EDC41B}.Debug|x64.Build.0 = Debug|x64
		{97C988A2-AD37-4B5C-A3A7-1C7617EDC41B}.Debug|x86.ActiveCfg = Debug|Win32
		{97C988A2-AD37-4B5C-A3A7-1C7617EDC41B}.Debug|x86.Build.0 = Debug|Win32
		{97C988A2-AD37-4B5C-A3A7-1C7617EDC41B}.Release|x64.ActiveCfg = Release|x64
		{97C988A2-AD37-4B5C-A3A7-1C7617EDC41B}.Release|x64.Build.0 = Release|x64
		{97C988A2-AD37-4B5C-A3A7-1C7617EDC41B}.Release|x86.ActiveCfg = Release|Win32
		{97C988A2-AD37-4B5C-A3A7-1C7617EDC41B}.Release|x86.Build.0 = Release|Win32
		{660D82F6-C24E-4A33-ABE6-02BA754E16F4}.Debug|x64.ActiveCfg = Debug|x64
		{660D82F6-C24E-4A33-ABE6-02BA754E16F4}.Debug|x64.Build.0 = Debug|x64
		{660D82F6-C24E-4A33-ABE6-02BA754E16F4}.Debug|x86.ActiveCfg = Debug|Win32
		{660D82F6-C24E-4A33-ABE6-02BA754E16F4}.Debug|x86.Build.0 = Debug|Win32
		{660D82F6-C24E-4A33-ABE6-02BA754E16F4}.Release|x64.ActiveCfg = Release|x64
		{660D82F6-C24E-4A33-ABE6-02BA754E16F4}.Release|x64.Build.0 = Release|x64
		{660D82F6-C24E-4A33-ABE6-02BA754E16F4}.Release|x86.ActiveCfg = Release|Win32
		{660D82F6-C24E-4A33-ABE6-02BA754E16F4}.Release|x86.Build.0 = Release|Win32
		{EFD6EA3C-8C60-4740-80A5-FE8D45238B1B}.Debug|x64.ActiveCfg = Debug|x64
		{EFD6EA3C-8C60-4740-80A5-FE8D45238B1B}.Debug|x64.Build.0 = Debug|x64
		{EFD6EA3C-8C60-4740-80A5-FE8D45238B1B}.Debug|x86.ActiveCfg = Debug|Win32
		{EFD6EA3C-8C60-4740-80A5-FE8D45238B1B}.Debug|x86.Build.0 = Debug|Win32
		{EFD6EA3C-8C60-4740-80A5-FE8D45238B1B}.Release|x64.ActiveCfg = Release|x64
		{EFD6EA3C-8C60-4740-80A5-FE8D45238B1B}.Release|x64.Build.0 = Release|x64
		{EFD6EA3C-8C60-4740-80A5-FE8D45238B1B}.Release|x86.ActiveCfg = Release|Win32
		{EFD6EA3C-8C60-4740-80A5-FE8D45238B1B}.Release|x86.Build.0 = Release|Win32
	EndGlobalSection
	GlobalSection(SolutionProperties) = preSolution
		HideSolutionNode = FALSE
	EndGlobalSection
	GlobalSection(NestedProjects) = preSolution
		{EA48C589-4ABD-4033-88FB-487BA6826B4F} = {AD98529C-64AC-48D5-A949-8BBF2A218B1A}
		{9C182343-C336-4C54-AC5B-842EFFAE9E1D} = {1A0B269C-715E-4FD2-AF9A-59B321D341DA}
		{C90FB2A9-6D5E-4C62-8CB7-F38B94B4911B} = {1A0B269C-715E-4FD2-AF9A-59B321D341DA}
		{CF48924C-1C53-4209-976C-57C7288EC7F0} = {1A0B269C-715E-4FD2-AF9A-59B321D341DA}
		{0B122B75-8F43-4AB4-940A-494218CA686E} = {9D1B05D3-5206-4172-912C-AAAA9423DEEA}
		{0E22057F-259B-4F9E-97FE-64E6ADE5C670} = {9D1B05D3-5206-4172-912C-AAAA9423DEEA}
		{49DD8FA7-3E47-4747-BD00-4E4C459C1FFC} = {9D1B05D3-5206-4172-912C-AAAA9423DEEA}
		{CA9B0438-FED5-47A4-8F84-AA68CF69E75C} = {2325152B-F8B4-4E14-BB34-BCB42BAE139D}
		{112A8B66-F8D1-4AE3-BC3E-244EBF062018} = {FE7821E7-9C3A-4553-9BAC-81197B88600F}
		{6383D36D-7DB5-42A8-82F2-2B02C8481D14} = {FE7821E7-9C3A-4553-9BAC-81197B88600F}
		{41A0B7D0-7AF2-4F4B-B90F-9AA2F940A6E8} = {FE7821E7-9C3A-4553-9BAC-81197B88600F}
		{E82F693C-36C7-4A7D-882D-87D6660E38E2} = {FE7821E7-9C3A-4553-9BAC-81197B88600F}
		{06C34CAB-79C0-459B-A1D3-F09508516F52} = {FE7821E7-9C3A-4553-9BAC-81197B88600F}
		{EFA3114F-8B46-4276-AA5C-84E197233058} = {FE7821E7-9C3A-4553-9BAC-81197B88600F}
		{95245B21-3047-49C1-9539-53D057BD50E7} = {FE7821E7-9C3A-4553-9BAC-81197B88600F}
		{861A58F5-ED44-4AD3-9736-6F11B7AACECD} = {FE7821E7-9C3A-4553-9BAC-81197B88600F}
		{FFEB658B-740E-426C-99B1-43363B57ED04} = {8606500B-6728-465A-A6D0-A810D4200572}
		{9FAB595A-7496-4FD2-A95E-B7539ECC913A} = {8606500B-6728-465A-A6D0-A810D4200572}
		{9134D5EE-DFF4-4B37-B8C1-13DD025E310A} = {8606500B-6728-465A-A6D0-A810D4200572}
		{ACC780A9-EF0E-4CD3-AF77-95DF775E23E3} = {8606500B-6728-465A-A6D0-A810D4200572}
		{48C42A7A-3603-4268-BCEA-97E007F1F301} = {0AE2623E-D086-4184-8938-C5EFED1EF0F3}
		{97C988A2-AD37-4B5C-A3A7-1C7617EDC41B} = {0AE2623E-D086-4184-8938-C5EFED1EF0F3}
		{660D82F6-C24E-4A33-ABE6-02BA754E16F4} = {0AE2623E-D086-4184-8938-C5EFED1EF0F3}
		{EFD6EA3C-8C60-4740-80A5-FE8D45238B1B} = {0AE2623E-D086-4184-8938-C5EFED1EF0F3}
	EndGlobalSection
EndGlobal
